// !$*UTF8*$!
{
	archiveVersion = 1;
	classes = {
	};
	objectVersion = 46;
	objects = {

/* Begin PBXBuildFile section */
		37240E1D1AEED89A005D6048 /* Mesh.cpp in Sources */ = {isa = PBXBuildFile; fileRef = 37240E1B1AEED89A005D6048 /* Mesh.cpp */; };
		373ACBED1AD0A2400082DB63 /* BitmapAtlas.cpp in Sources */ = {isa = PBXBuildFile; fileRef = 373ACBE71AD0A2400082DB63 /* BitmapAtlas.cpp */; };
		373ACBEE1AD0A2400082DB63 /* BitmapAtlasLoader.cpp in Sources */ = {isa = PBXBuildFile; fileRef = 373ACBE91AD0A2400082DB63 /* BitmapAtlasLoader.cpp */; };
		373ACBEF1AD0A2400082DB63 /* BitmapLibrary.cpp in Sources */ = {isa = PBXBuildFile; fileRef = 373ACBEB1AD0A2400082DB63 /* BitmapLibrary.cpp */; };
		373ACBF31AD1E6960082DB63 /* TextureAtlas.cpp in Sources */ = {isa = PBXBuildFile; fileRef = 373ACBF11AD1E6960082DB63 /* TextureAtlas.cpp */; };
		373ACBF71AD31B4E0082DB63 /* stb.cpp in Sources */ = {isa = PBXBuildFile; fileRef = 373ACBF61AD31B4E0082DB63 /* stb.cpp */; };
		378A996C1AEAE2BD008BD771 /* ShaderLibrary.cpp in Sources */ = {isa = PBXBuildFile; fileRef = 378A996A1AEAE2BD008BD771 /* ShaderLibrary.cpp */; };
		378A996F1AEB107F008BD771 /* VertexTypes.cpp in Sources */ = {isa = PBXBuildFile; fileRef = 378A996D1AEB107F008BD771 /* VertexTypes.cpp */; };
		378DC2091ACF6AB2004C8004 /* AABB.cpp in Sources */ = {isa = PBXBuildFile; fileRef = 378DC1E21ACF6AB2004C8004 /* AABB.cpp */; };
		378DC21A1ACF7112004C8004 /* GameTypes.cpp in Sources */ = {isa = PBXBuildFile; fileRef = 378DC2181ACF7112004C8004 /* GameTypes.cpp */; };
		378DC2221ACF757D004C8004 /* OVMain.cpp in Sources */ = {isa = PBXBuildFile; fileRef = 378DC2201ACF757D004C8004 /* OVMain.cpp */; };
		37A546FA1AE2E50900341500 /* JsonParseExtensions.cpp in Sources */ = {isa = PBXBuildFile; fileRef = 37A546F81AE2E50900341500 /* JsonParseExtensions.cpp */; };
		37AAC1CA19F42A3600C32899 /* libCKFramework.a in Frameworks */ = {isa = PBXBuildFile; fileRef = 37AAC1C619F42A3600C32899 /* libCKFramework.a */; };
		37B30CBD1AED81BC0029887F /* fs_cubes.fs in Resources */ = {isa = PBXBuildFile; fileRef = 37B30CBB1AED81BC0029887F /* fs_cubes.fs */; };
		37B30CBE1AED81BC0029887F /* vs_cubes.vs in Resources */ = {isa = PBXBuildFile; fileRef = 37B30CBC1AED81BC0029887F /* vs_cubes.vs */; };
		37B30CC01AED85E20029887F /* varying.def.sc in Resources */ = {isa = PBXBuildFile; fileRef = 37B30CBF1AED85E20029887F /* varying.def.sc */; };
		37B30CC21AED85ED0029887F /* shaderlib.sh in Resources */ = {isa = PBXBuildFile; fileRef = 37B30CC11AED85ED0029887F /* shaderlib.sh */; };
		37C94ED81B1D122F00F35CD5 /* GameTask.cpp in Sources */ = {isa = PBXBuildFile; fileRef = 37C94ED61B1D122F00F35CD5 /* GameTask.cpp */; };
		37C94EDE1B1D2DB000F35CD5 /* MessageHandlers.cpp in Sources */ = {isa = PBXBuildFile; fileRef = 37C94EDC1B1D2DB000F35CD5 /* MessageHandlers.cpp */; };
		37C94EE11B1D31F500F35CD5 /* AppInterface.cpp in Sources */ = {isa = PBXBuildFile; fileRef = 37C94EDF1B1D31F500F35CD5 /* AppInterface.cpp */; };
		37E604831B0A6B81009C916D /* EntityDatabase.cpp in Sources */ = {isa = PBXBuildFile; fileRef = 37E604811B0A6B81009C916D /* EntityDatabase.cpp */; };
		37E604861B0AACFC009C916D /* Components.cpp in Sources */ = {isa = PBXBuildFile; fileRef = 37E604851B0AACFC009C916D /* Components.cpp */; };
		37E604931B0FAEDC009C916D /* RenderScene.cpp in Sources */ = {isa = PBXBuildFile; fileRef = 37E604911B0FAEDC009C916D /* RenderScene.cpp */; };
		37E6049A1B0FCBCF009C916D /* EntityFactory.cpp in Sources */ = {isa = PBXBuildFile; fileRef = 37E604981B0FCBCF009C916D /* EntityFactory.cpp */; };
		37E604A21B0FCBE6009C916D /* MessageDispatcher.cpp in Sources */ = {isa = PBXBuildFile; fileRef = 37E6049B1B0FCBE6009C916D /* MessageDispatcher.cpp */; };
		37E604A31B0FCBE6009C916D /* MessagePublisher.cpp in Sources */ = {isa = PBXBuildFile; fileRef = 37E6049D1B0FCBE6009C916D /* MessagePublisher.cpp */; };
		37E604A41B0FCBE6009C916D /* MessageStream.cpp in Sources */ = {isa = PBXBuildFile; fileRef = 37E6049F1B0FCBE6009C916D /* MessageStream.cpp */; };
		37E604AB1B0FE6AB009C916D /* entityevents.capnp in Resources */ = {isa = PBXBuildFile; fileRef = 37E604A91B0FE6AB009C916D /* entityevents.capnp */; };
		37E604AC1B0FE6AB009C916D /* ovtypes.capnp in Resources */ = {isa = PBXBuildFile; fileRef = 37E604AA1B0FE6AB009C916D /* ovtypes.capnp */; };
		37E604AD1B0FE6E6009C916D /* entityevents.capnp in Sources */ = {isa = PBXBuildFile; fileRef = 37E604A91B0FE6AB009C916D /* entityevents.capnp */; };
		37E604AE1B0FE6E6009C916D /* ovtypes.capnp in Sources */ = {isa = PBXBuildFile; fileRef = 37E604AA1B0FE6AB009C916D /* ovtypes.capnp */; };
		37E604B11B0FEE32009C916D /* ObjectTypes.cpp in Sources */ = {isa = PBXBuildFile; fileRef = 37E604AF1B0FEE32009C916D /* ObjectTypes.cpp */; };
		37E604B41B0FF406009C916D /* MeshLibrary.cpp in Sources */ = {isa = PBXBuildFile; fileRef = 37E604B21B0FF406009C916D /* MeshLibrary.cpp */; };
		37F368FD1ACDFEE600314DB2 /* Carbon.framework in Frameworks */ = {isa = PBXBuildFile; fileRef = 37F368FC1ACDFEE600314DB2 /* Carbon.framework */; };
		37F368FF1ACDFEF300314DB2 /* Cocoa.framework in Frameworks */ = {isa = PBXBuildFile; fileRef = 37F368FE1ACDFEF300314DB2 /* Cocoa.framework */; };
		37F369011ACDFEFA00314DB2 /* IOKit.framework in Frameworks */ = {isa = PBXBuildFile; fileRef = 37F369001ACDFEFA00314DB2 /* IOKit.framework */; };
		37F369031ACDFF0A00314DB2 /* libiconv.dylib in Frameworks */ = {isa = PBXBuildFile; fileRef = 37F369021ACDFF0A00314DB2 /* libiconv.dylib */; };
		37F43E581B31E6E20065D8E9 /* BVHGraph.cpp in Sources */ = {isa = PBXBuildFile; fileRef = 37F43E571B31E6E20065D8E9 /* BVHGraph.cpp */; };
		37F43E5E1B33A4340065D8E9 /* CustomComponents.cpp in Sources */ = {isa = PBXBuildFile; fileRef = 37F43E5D1B33A4340065D8E9 /* CustomComponents.cpp */; };
		37F43E611B34CB820065D8E9 /* DataRowset.cpp in Sources */ = {isa = PBXBuildFile; fileRef = 37F43E5F1B34CB810065D8E9 /* DataRowset.cpp */; };
		37F43E641B34D7870065D8E9 /* EntityTypes.cpp in Sources */ = {isa = PBXBuildFile; fileRef = 37F43E631B34D7870065D8E9 /* EntityTypes.cpp */; };
		37F43E661B34DBEE0065D8E9 /* EntityDataTable.cpp in Sources */ = {isa = PBXBuildFile; fileRef = 37F43E651B34DBEE0065D8E9 /* EntityDataTable.cpp */; };
		37F64A9F1780EA2C009116E7 /* InfoPlist.strings in Resources */ = {isa = PBXBuildFile; fileRef = 37F64A9D1780EA2C009116E7 /* InfoPlist.strings */; };
		37F64AA11780EA2C009116E7 /* main.mm in Sources */ = {isa = PBXBuildFile; fileRef = 37F64AA01780EA2C009116E7 /* main.mm */; };
		37F64AA51780EA2D009116E7 /* Credits.rtf in Resources */ = {isa = PBXBuildFile; fileRef = 37F64AA31780EA2D009116E7 /* Credits.rtf */; };
/* End PBXBuildFile section */

/* Begin PBXBuildRule section */
		37A546F31AE2DCC400341500 /* PBXBuildRule */ = {
			isa = PBXBuildRule;
			compilerSpec = com.apple.compilers.proxy.script;
			filePatterns = "*.capnp";
			fileType = pattern.proxy;
			isEditable = 1;
			outputFiles = (
				"$(DERIVED_FILE_DIR)/Gen/$(INPUT_FILE_BASE).capnp.c++",
				"$(DERIVED_FILE_DIR)/Gen/$(INPUT_FILE_BASE).capnp.h",
			);
			script = "cd ${INPUT_FILE_DIR}\n${PACKAGES_ROOT}/bin/capnp compile -o${PACKAGES_ROOT}/bin/capnpc-c++:${DERIVED_FILE_DIR}/Gen ${INPUT_FILE_NAME}\n";
		};
		37B30CBA1AED81A10029887F /* PBXBuildRule */ = {
			isa = PBXBuildRule;
			compilerSpec = com.apple.compilers.proxy.script;
			filePatterns = "*.vs";
			fileType = pattern.proxy;
			isEditable = 1;
			outputFiles = (
				"$(DATA_ROOT)/Shaders/$(INPUT_FILE_BASE).bin",
			);
			script = "cd ${INPUT_FILE_DIR}\n${PACKAGES_ROOT}/bin/shaderc --type v --platform osx -i ${PACKAGES_ROOT}/include/bgfx -f ${INPUT_FILE_NAME} -o ${DATA_ROOT}/Shaders/${INPUT_FILE_BASE}.bin";
		};
		37B30CC31AED861A0029887F /* PBXBuildRule */ = {
			isa = PBXBuildRule;
			compilerSpec = com.apple.compilers.proxy.script;
			filePatterns = "*.fs";
			fileType = pattern.proxy;
			isEditable = 1;
			outputFiles = (
				"$(DATA_ROOT)/Shaders/$(INPUT_FILE_BASE).bin",
			);
			script = "cd ${INPUT_FILE_DIR}\n${PACKAGES_ROOT}/bin/shaderc --type f --platform osx -i ${PACKAGES_ROOT}/include/bgfx -f ${INPUT_FILE_NAME} -o ${DATA_ROOT}/Shaders/${INPUT_FILE_BASE}.bin";
		};
/* End PBXBuildRule section */

/* Begin PBXCopyFilesBuildPhase section */
		37CEF196179F9AD1007AB3A6 /* Copy Files */ = {
			isa = PBXCopyFilesBuildPhase;
			buildActionMask = 2147483647;
			dstPath = "";
			dstSubfolderSpec = 10;
			files = (
			);
			name = "Copy Files";
			runOnlyForDeploymentPostprocessing = 0;
		};
/* End PBXCopyFilesBuildPhase section */

/* Begin PBXFileReference section */
		37240E1B1AEED89A005D6048 /* Mesh.cpp */ = {isa = PBXFileReference; fileEncoding = 4; lastKnownFileType = sourcecode.cpp.cpp; name = Mesh.cpp; path = ../../CKGfx/Mesh.cpp; sourceTree = "<group>"; };
		37240E1C1AEED89A005D6048 /* Mesh.hpp */ = {isa = PBXFileReference; fileEncoding = 4; lastKnownFileType = sourcecode.cpp.h; name = Mesh.hpp; path = ../../CKGfx/Mesh.hpp; sourceTree = "<group>"; };
		373ACBE71AD0A2400082DB63 /* BitmapAtlas.cpp */ = {isa = PBXFileReference; fileEncoding = 4; lastKnownFileType = sourcecode.cpp.cpp; name = BitmapAtlas.cpp; path = ../../CKGfx/BitmapAtlas.cpp; sourceTree = "<group>"; };
		373ACBE81AD0A2400082DB63 /* BitmapAtlas.hpp */ = {isa = PBXFileReference; fileEncoding = 4; lastKnownFileType = sourcecode.cpp.h; name = BitmapAtlas.hpp; path = ../../CKGfx/BitmapAtlas.hpp; sourceTree = "<group>"; };
		373ACBE91AD0A2400082DB63 /* BitmapAtlasLoader.cpp */ = {isa = PBXFileReference; fileEncoding = 4; lastKnownFileType = sourcecode.cpp.cpp; name = BitmapAtlasLoader.cpp; path = ../../CKGfx/BitmapAtlasLoader.cpp; sourceTree = "<group>"; };
		373ACBEA1AD0A2400082DB63 /* BitmapAtlasLoader.hpp */ = {isa = PBXFileReference; fileEncoding = 4; lastKnownFileType = sourcecode.cpp.h; name = BitmapAtlasLoader.hpp; path = ../../CKGfx/BitmapAtlasLoader.hpp; sourceTree = "<group>"; };
		373ACBEB1AD0A2400082DB63 /* BitmapLibrary.cpp */ = {isa = PBXFileReference; fileEncoding = 4; lastKnownFileType = sourcecode.cpp.cpp; name = BitmapLibrary.cpp; path = ../../CKGfx/BitmapLibrary.cpp; sourceTree = "<group>"; };
		373ACBEC1AD0A2400082DB63 /* BitmapLibrary.hpp */ = {isa = PBXFileReference; fileEncoding = 4; lastKnownFileType = sourcecode.cpp.h; name = BitmapLibrary.hpp; path = ../../CKGfx/BitmapLibrary.hpp; sourceTree = "<group>"; };
		373ACBF01AD1B44B0082DB63 /* GfxTypes.hpp */ = {isa = PBXFileReference; lastKnownFileType = sourcecode.cpp.h; name = GfxTypes.hpp; path = ../../CKGfx/GfxTypes.hpp; sourceTree = "<group>"; };
		373ACBF11AD1E6960082DB63 /* TextureAtlas.cpp */ = {isa = PBXFileReference; fileEncoding = 4; lastKnownFileType = sourcecode.cpp.cpp; name = TextureAtlas.cpp; path = ../../CKGfx/TextureAtlas.cpp; sourceTree = "<group>"; };
		373ACBF21AD1E6960082DB63 /* TextureAtlas.hpp */ = {isa = PBXFileReference; fileEncoding = 4; lastKnownFileType = sourcecode.cpp.h; name = TextureAtlas.hpp; path = ../../CKGfx/TextureAtlas.hpp; sourceTree = "<group>"; };
		373ACBF51AD31B440082DB63 /* stb_image.h */ = {isa = PBXFileReference; lastKnownFileType = sourcecode.c.h; name = stb_image.h; path = ../../CKGfx/External/stb/stb_image.h; sourceTree = "<group>"; };
		373ACBF61AD31B4E0082DB63 /* stb.cpp */ = {isa = PBXFileReference; fileEncoding = 4; lastKnownFileType = sourcecode.cpp.cpp; name = stb.cpp; path = ../../CKGfx/External/stb/stb.cpp; sourceTree = "<group>"; };
		378A996A1AEAE2BD008BD771 /* ShaderLibrary.cpp */ = {isa = PBXFileReference; fileEncoding = 4; lastKnownFileType = sourcecode.cpp.cpp; name = ShaderLibrary.cpp; path = ../../CKGfx/ShaderLibrary.cpp; sourceTree = "<group>"; };
		378A996B1AEAE2BD008BD771 /* ShaderLibrary.hpp */ = {isa = PBXFileReference; fileEncoding = 4; lastKnownFileType = sourcecode.cpp.h; name = ShaderLibrary.hpp; path = ../../CKGfx/ShaderLibrary.hpp; sourceTree = "<group>"; };
		378A996D1AEB107F008BD771 /* VertexTypes.cpp */ = {isa = PBXFileReference; fileEncoding = 4; lastKnownFileType = sourcecode.cpp.cpp; name = VertexTypes.cpp; path = ../../CKGfx/VertexTypes.cpp; sourceTree = "<group>"; };
		378A996E1AEB107F008BD771 /* VertexTypes.hpp */ = {isa = PBXFileReference; fileEncoding = 4; lastKnownFileType = sourcecode.cpp.h; name = VertexTypes.hpp; path = ../../CKGfx/VertexTypes.hpp; sourceTree = "<group>"; };
		378DC1CA1ACF6346004C8004 /* Grid.hpp */ = {isa = PBXFileReference; fileEncoding = 4; lastKnownFileType = sourcecode.cpp.h; name = Grid.hpp; path = ../../Engine/Grid.hpp; sourceTree = "<group>"; };
		378DC1E21ACF6AB2004C8004 /* AABB.cpp */ = {isa = PBXFileReference; fileEncoding = 4; lastKnownFileType = sourcecode.cpp.cpp; name = AABB.cpp; path = ../../Engine/AABB.cpp; sourceTree = "<group>"; };
		378DC1E31ACF6AB2004C8004 /* AABB.hpp */ = {isa = PBXFileReference; fileEncoding = 4; lastKnownFileType = sourcecode.cpp.h; name = AABB.hpp; path = ../../Engine/AABB.hpp; sourceTree = "<group>"; };
		378DC1F31ACF6AB2004C8004 /* ModelCollection.hpp */ = {isa = PBXFileReference; fileEncoding = 4; lastKnownFileType = sourcecode.cpp.h; name = ModelCollection.hpp; path = ../../Engine/ModelCollection.hpp; sourceTree = "<group>"; };
		378DC1F61ACF6AB2004C8004 /* ModelLibrary.hpp */ = {isa = PBXFileReference; fileEncoding = 4; lastKnownFileType = sourcecode.cpp.h; name = ModelLibrary.hpp; path = ../../Engine/ModelLibrary.hpp; sourceTree = "<group>"; };
		378DC2181ACF7112004C8004 /* GameTypes.cpp */ = {isa = PBXFileReference; fileEncoding = 4; lastKnownFileType = sourcecode.cpp.cpp; name = GameTypes.cpp; path = ../GameTypes.cpp; sourceTree = "<group>"; };
		378DC2191ACF7112004C8004 /* GameTypes.hpp */ = {isa = PBXFileReference; fileEncoding = 4; lastKnownFileType = sourcecode.cpp.h; name = GameTypes.hpp; path = ../GameTypes.hpp; sourceTree = "<group>"; };
		378DC2201ACF757D004C8004 /* OVMain.cpp */ = {isa = PBXFileReference; fileEncoding = 4; lastKnownFileType = sourcecode.cpp.cpp; name = OVMain.cpp; path = ../Client/OVMain.cpp; sourceTree = "<group>"; };
		37A546F81AE2E50900341500 /* JsonParseExtensions.cpp */ = {isa = PBXFileReference; fileEncoding = 4; lastKnownFileType = sourcecode.cpp.cpp; name = JsonParseExtensions.cpp; path = ../../Engine/Utils/JsonParseExtensions.cpp; sourceTree = "<group>"; };
		37A546F91AE2E50900341500 /* JsonParseExtensions.hpp */ = {isa = PBXFileReference; fileEncoding = 4; lastKnownFileType = sourcecode.cpp.h; name = JsonParseExtensions.hpp; path = ../../Engine/Utils/JsonParseExtensions.hpp; sourceTree = "<group>"; };
		37AAC1C619F42A3600C32899 /* libCKFramework.a */ = {isa = PBXFileReference; lastKnownFileType = archive.ar; name = libCKFramework.a; path = "../../../../../Library/Developer/Xcode/DerivedData/Prototype-busevatmdawlcjggxdwanwesvkef/Build/Products/Debug/libCKFramework.a"; sourceTree = "<group>"; };
		37AE99161ADF0C4D00497B6F /* Stage.hpp */ = {isa = PBXFileReference; fileEncoding = 4; lastKnownFileType = sourcecode.cpp.h; name = Stage.hpp; path = ../Client/Stage.hpp; sourceTree = "<group>"; };
		37B30CBB1AED81BC0029887F /* fs_cubes.fs */ = {isa = PBXFileReference; fileEncoding = 4; lastKnownFileType = sourcecode.glsl; name = fs_cubes.fs; path = ../Client/Shaders/fs_cubes.fs; sourceTree = "<group>"; };
		37B30CBC1AED81BC0029887F /* vs_cubes.vs */ = {isa = PBXFileReference; fileEncoding = 4; lastKnownFileType = sourcecode.glsl; name = vs_cubes.vs; path = ../Client/Shaders/vs_cubes.vs; sourceTree = "<group>"; };
		37B30CBF1AED85E20029887F /* varying.def.sc */ = {isa = PBXFileReference; fileEncoding = 4; lastKnownFileType = text; name = varying.def.sc; path = ../Client/Shaders/varying.def.sc; sourceTree = "<group>"; };
		37B30CC11AED85ED0029887F /* shaderlib.sh */ = {isa = PBXFileReference; fileEncoding = 4; lastKnownFileType = text.script.sh; name = shaderlib.sh; path = ../Client/Shaders/shaderlib.sh; sourceTree = "<group>"; };
		37B50EE91AF41F9C00EE8213 /* EntityTypes.hpp */ = {isa = PBXFileReference; lastKnownFileType = sourcecode.cpp.h; path = EntityTypes.hpp; sourceTree = "<group>"; };
		37B50EEB1AF42E9600EE8213 /* Light.hpp */ = {isa = PBXFileReference; lastKnownFileType = sourcecode.cpp.h; name = Light.hpp; path = Comp/Light.hpp; sourceTree = "<group>"; };
		37B50EEC1AF430E300EE8213 /* Camera.hpp */ = {isa = PBXFileReference; lastKnownFileType = sourcecode.cpp.h; name = Camera.hpp; path = Comp/Camera.hpp; sourceTree = "<group>"; };
		37B50EED1AF4330900EE8213 /* Transform.hpp */ = {isa = PBXFileReference; lastKnownFileType = sourcecode.cpp.h; name = Transform.hpp; path = Comp/Transform.hpp; sourceTree = "<group>"; };
		37B50EEE1AF434A600EE8213 /* Renderable.hpp */ = {isa = PBXFileReference; lastKnownFileType = sourcecode.cpp.h; name = Renderable.hpp; path = Comp/Renderable.hpp; sourceTree = "<group>"; };
		37C94ED61B1D122F00F35CD5 /* GameTask.cpp */ = {isa = PBXFileReference; fileEncoding = 4; lastKnownFileType = sourcecode.cpp.cpp; name = GameTask.cpp; path = ../Client/Tasks/GameTask.cpp; sourceTree = "<group>"; };
		37C94ED71B1D122F00F35CD5 /* GameTask.hpp */ = {isa = PBXFileReference; fileEncoding = 4; lastKnownFileType = sourcecode.cpp.h; name = GameTask.hpp; path = ../Client/Tasks/GameTask.hpp; sourceTree = "<group>"; };
		37C94EDC1B1D2DB000F35CD5 /* MessageHandlers.cpp */ = {isa = PBXFileReference; fileEncoding = 4; lastKnownFileType = sourcecode.cpp.cpp; name = MessageHandlers.cpp; path = ../MessageHandlers.cpp; sourceTree = "<group>"; };
		37C94EDD1B1D2DB000F35CD5 /* MessageHandlers.hpp */ = {isa = PBXFileReference; fileEncoding = 4; lastKnownFileType = sourcecode.cpp.h; name = MessageHandlers.hpp; path = ../MessageHandlers.hpp; sourceTree = "<group>"; };
		37C94EDF1B1D31F500F35CD5 /* AppInterface.cpp */ = {isa = PBXFileReference; fileEncoding = 4; lastKnownFileType = sourcecode.cpp.cpp; name = AppInterface.cpp; path = ../AppInterface.cpp; sourceTree = "<group>"; };
		37C94EE01B1D31F500F35CD5 /* AppInterface.hpp */ = {isa = PBXFileReference; fileEncoding = 4; lastKnownFileType = sourcecode.cpp.h; name = AppInterface.hpp; path = ../AppInterface.hpp; sourceTree = "<group>"; };
		37D2FDE31B2B3B9200C67E60 /* BVHGraph.hpp */ = {isa = PBXFileReference; lastKnownFileType = sourcecode.cpp.h; name = BVHGraph.hpp; path = ../../Engine/Graphs/BVHGraph.hpp; sourceTree = "<group>"; };
		37D2FDE41B2B3B9200C67E60 /* BVHTypes.hpp */ = {isa = PBXFileReference; lastKnownFileType = sourcecode.cpp.h; name = BVHTypes.hpp; path = ../../Engine/Graphs/BVHTypes.hpp; sourceTree = "<group>"; };
		37D2FDE51B2B3BC600C67E60 /* Octree.hpp */ = {isa = PBXFileReference; lastKnownFileType = sourcecode.cpp.h; name = Octree.hpp; path = ../../Engine/Graphs/Octree.hpp; sourceTree = "<group>"; };
		37E604811B0A6B81009C916D /* EntityDatabase.cpp */ = {isa = PBXFileReference; fileEncoding = 4; lastKnownFileType = sourcecode.cpp.cpp; path = EntityDatabase.cpp; sourceTree = "<group>"; };
		37E604821B0A6B81009C916D /* EntityDatabase.hpp */ = {isa = PBXFileReference; fileEncoding = 4; lastKnownFileType = sourcecode.cpp.h; path = EntityDatabase.hpp; sourceTree = "<group>"; };
		37E604851B0AACFC009C916D /* Components.cpp */ = {isa = PBXFileReference; fileEncoding = 4; lastKnownFileType = sourcecode.cpp.cpp; name = Components.cpp; path = Comp/Components.cpp; sourceTree = "<group>"; };
		37E604911B0FAEDC009C916D /* RenderScene.cpp */ = {isa = PBXFileReference; fileEncoding = 4; lastKnownFileType = sourcecode.cpp.cpp; name = RenderScene.cpp; path = ../../Engine/Render/RenderScene.cpp; sourceTree = "<group>"; };
		37E604921B0FAEDC009C916D /* RenderScene.hpp */ = {isa = PBXFileReference; fileEncoding = 4; lastKnownFileType = sourcecode.cpp.h; name = RenderScene.hpp; path = ../../Engine/Render/RenderScene.hpp; sourceTree = "<group>"; };
		37E604941B0FAF00009C916D /* RenderTypes.hpp */ = {isa = PBXFileReference; lastKnownFileType = sourcecode.cpp.h; name = RenderTypes.hpp; path = ../../Engine/Render/RenderTypes.hpp; sourceTree = "<group>"; };
		37E604981B0FCBCF009C916D /* EntityFactory.cpp */ = {isa = PBXFileReference; fileEncoding = 4; lastKnownFileType = sourcecode.cpp.cpp; path = EntityFactory.cpp; sourceTree = "<group>"; };
		37E604991B0FCBCF009C916D /* EntityFactory.hpp */ = {isa = PBXFileReference; fileEncoding = 4; lastKnownFileType = sourcecode.cpp.h; path = EntityFactory.hpp; sourceTree = "<group>"; };
		37E6049B1B0FCBE6009C916D /* MessageDispatcher.cpp */ = {isa = PBXFileReference; fileEncoding = 4; lastKnownFileType = sourcecode.cpp.cpp; name = MessageDispatcher.cpp; path = ../../Engine/MessageDispatcher.cpp; sourceTree = "<group>"; };
		37E6049C1B0FCBE6009C916D /* MessageDispatcher.hpp */ = {isa = PBXFileReference; fileEncoding = 4; lastKnownFileType = sourcecode.cpp.h; name = MessageDispatcher.hpp; path = ../../Engine/MessageDispatcher.hpp; sourceTree = "<group>"; };
		37E6049D1B0FCBE6009C916D /* MessagePublisher.cpp */ = {isa = PBXFileReference; fileEncoding = 4; lastKnownFileType = sourcecode.cpp.cpp; name = MessagePublisher.cpp; path = ../../Engine/MessagePublisher.cpp; sourceTree = "<group>"; };
		37E6049E1B0FCBE6009C916D /* MessagePublisher.hpp */ = {isa = PBXFileReference; fileEncoding = 4; lastKnownFileType = sourcecode.cpp.h; name = MessagePublisher.hpp; path = ../../Engine/MessagePublisher.hpp; sourceTree = "<group>"; };
		37E6049F1B0FCBE6009C916D /* MessageStream.cpp */ = {isa = PBXFileReference; fileEncoding = 4; lastKnownFileType = sourcecode.cpp.cpp; name = MessageStream.cpp; path = ../../Engine/MessageStream.cpp; sourceTree = "<group>"; };
		37E604A01B0FCBE6009C916D /* MessageStream.hpp */ = {isa = PBXFileReference; fileEncoding = 4; lastKnownFileType = sourcecode.cpp.h; name = MessageStream.hpp; path = ../../Engine/MessageStream.hpp; sourceTree = "<group>"; };
		37E604A11B0FCBE6009C916D /* MessageTypes.hpp */ = {isa = PBXFileReference; fileEncoding = 4; lastKnownFileType = sourcecode.cpp.h; name = MessageTypes.hpp; path = ../../Engine/MessageTypes.hpp; sourceTree = "<group>"; };
		37E604A51B0FCE0C009C916D /* StageApplication.cpp */ = {isa = PBXFileReference; fileEncoding = 4; lastKnownFileType = sourcecode.cpp.cpp; name = StageApplication.cpp; path = ../Client/StageApplication.cpp; sourceTree = "<group>"; };
		37E604A61B0FCE0C009C916D /* StageApplication.hpp */ = {isa = PBXFileReference; fileEncoding = 4; lastKnownFileType = sourcecode.cpp.h; name = StageApplication.hpp; path = ../Client/StageApplication.hpp; sourceTree = "<group>"; };
		37E604A91B0FE6AB009C916D /* entityevents.capnp */ = {isa = PBXFileReference; fileEncoding = 4; lastKnownFileType = text; name = entityevents.capnp; path = ../../Engine/Objects/entityevents.capnp; sourceTree = "<group>"; };
		37E604AA1B0FE6AB009C916D /* ovtypes.capnp */ = {isa = PBXFileReference; fileEncoding = 4; lastKnownFileType = text; name = ovtypes.capnp; path = ../../Engine/Objects/ovtypes.capnp; sourceTree = "<group>"; };
		37E604AF1B0FEE32009C916D /* ObjectTypes.cpp */ = {isa = PBXFileReference; fileEncoding = 4; lastKnownFileType = sourcecode.cpp.cpp; name = ObjectTypes.cpp; path = ../../Engine/ObjectTypes.cpp; sourceTree = "<group>"; };
		37E604B01B0FEE32009C916D /* ObjectTypes.hpp */ = {isa = PBXFileReference; fileEncoding = 4; lastKnownFileType = sourcecode.cpp.h; name = ObjectTypes.hpp; path = ../../Engine/ObjectTypes.hpp; sourceTree = "<group>"; };
		37E604B21B0FF406009C916D /* MeshLibrary.cpp */ = {isa = PBXFileReference; fileEncoding = 4; lastKnownFileType = sourcecode.cpp.cpp; name = MeshLibrary.cpp; path = ../../CKGfx/MeshLibrary.cpp; sourceTree = "<group>"; };
		37E604B31B0FF406009C916D /* MeshLibrary.hpp */ = {isa = PBXFileReference; fileEncoding = 4; lastKnownFileType = sourcecode.cpp.h; name = MeshLibrary.hpp; path = ../../CKGfx/MeshLibrary.hpp; sourceTree = "<group>"; };
		37F368FC1ACDFEE600314DB2 /* Carbon.framework */ = {isa = PBXFileReference; lastKnownFileType = wrapper.framework; name = Carbon.framework; path = Platforms/MacOSX.platform/Developer/SDKs/MacOSX10.9.sdk/System/Library/Frameworks/Carbon.framework; sourceTree = DEVELOPER_DIR; };
		37F368FE1ACDFEF300314DB2 /* Cocoa.framework */ = {isa = PBXFileReference; lastKnownFileType = wrapper.framework; name = Cocoa.framework; path = Platforms/MacOSX.platform/Developer/SDKs/MacOSX10.9.sdk/System/Library/Frameworks/Cocoa.framework; sourceTree = DEVELOPER_DIR; };
		37F369001ACDFEFA00314DB2 /* IOKit.framework */ = {isa = PBXFileReference; lastKnownFileType = wrapper.framework; name = IOKit.framework; path = Platforms/MacOSX.platform/Developer/SDKs/MacOSX10.9.sdk/System/Library/Frameworks/IOKit.framework; sourceTree = DEVELOPER_DIR; };
		37F369021ACDFF0A00314DB2 /* libiconv.dylib */ = {isa = PBXFileReference; lastKnownFileType = "compiled.mach-o.dylib"; name = libiconv.dylib; path = Platforms/MacOSX.platform/Developer/SDKs/MacOSX10.9.sdk/usr/lib/libiconv.dylib; sourceTree = DEVELOPER_DIR; };
		37F369041ACE00E100314DB2 /* Debug.hpp */ = {isa = PBXFileReference; fileEncoding = 4; lastKnownFileType = sourcecode.cpp.h; name = Debug.hpp; path = ../../Engine/Debug.hpp; sourceTree = "<group>"; };
		37F369071ACE00E100314DB2 /* EngineTypes.hpp */ = {isa = PBXFileReference; fileEncoding = 4; lastKnownFileType = sourcecode.cpp.h; name = EngineTypes.hpp; path = ../../Engine/EngineTypes.hpp; sourceTree = "<group>"; };
		37F43E571B31E6E20065D8E9 /* BVHGraph.cpp */ = {isa = PBXFileReference; fileEncoding = 4; lastKnownFileType = sourcecode.cpp.cpp; name = BVHGraph.cpp; path = ../../Engine/Graphs/BVHGraph.cpp; sourceTree = "<group>"; };
		37F43E5B1B33A1220065D8E9 /* StellarSystem.hpp */ = {isa = PBXFileReference; lastKnownFileType = sourcecode.cpp.h; name = StellarSystem.hpp; path = ../Custom/Comp/StellarSystem.hpp; sourceTree = "<group>"; };
		37F43E5C1B33A2040065D8E9 /* CustomComponentTypes.hpp */ = {isa = PBXFileReference; lastKnownFileType = sourcecode.cpp.h; name = CustomComponentTypes.hpp; path = ../Custom/Comp/CustomComponentTypes.hpp; sourceTree = "<group>"; };
		37F43E5D1B33A4340065D8E9 /* CustomComponents.cpp */ = {isa = PBXFileReference; fileEncoding = 4; lastKnownFileType = sourcecode.cpp.cpp; name = CustomComponents.cpp; path = ../Custom/Comp/CustomComponents.cpp; sourceTree = "<group>"; };
		37F43E5F1B34CB810065D8E9 /* DataRowset.cpp */ = {isa = PBXFileReference; fileEncoding = 4; lastKnownFileType = sourcecode.cpp.cpp; path = DataRowset.cpp; sourceTree = "<group>"; };
		37F43E601B34CB810065D8E9 /* DataRowset.hpp */ = {isa = PBXFileReference; fileEncoding = 4; lastKnownFileType = sourcecode.cpp.h; path = DataRowset.hpp; sourceTree = "<group>"; };
		37F43E621B34CBE20065D8E9 /* EntityDataTable.hpp */ = {isa = PBXFileReference; lastKnownFileType = sourcecode.cpp.h; path = EntityDataTable.hpp; sourceTree = "<group>"; };
		37F43E631B34D7870065D8E9 /* EntityTypes.cpp */ = {isa = PBXFileReference; fileEncoding = 4; lastKnownFileType = sourcecode.cpp.cpp; path = EntityTypes.cpp; sourceTree = "<group>"; };
		37F43E651B34DBEE0065D8E9 /* EntityDataTable.cpp */ = {isa = PBXFileReference; fileEncoding = 4; lastKnownFileType = sourcecode.cpp.cpp; path = EntityDataTable.cpp; sourceTree = "<group>"; };
		37F64A911780EA2C009116E7 /* Overview.app */ = {isa = PBXFileReference; explicitFileType = wrapper.application; includeInIndex = 0; path = Overview.app; sourceTree = BUILT_PRODUCTS_DIR; };
		37F64A9C1780EA2C009116E7 /* Overview-Info.plist */ = {isa = PBXFileReference; lastKnownFileType = text.plist.xml; path = "Overview-Info.plist"; sourceTree = "<group>"; };
		37F64A9E1780EA2C009116E7 /* en */ = {isa = PBXFileReference; lastKnownFileType = text.plist.strings; name = en; path = en.lproj/InfoPlist.strings; sourceTree = "<group>"; };
		37F64AA01780EA2C009116E7 /* main.mm */ = {isa = PBXFileReference; lastKnownFileType = sourcecode.cpp.objcpp; name = main.mm; path = Overview/main.mm; sourceTree = "<group>"; };
		37F64AA41780EA2D009116E7 /* en */ = {isa = PBXFileReference; lastKnownFileType = text.rtf; name = en; path = en.lproj/Credits.rtf; sourceTree = "<group>"; };
		37F64ACD1780F295009116E7 /* Settings.xcconfig */ = {isa = PBXFileReference; lastKnownFileType = text.xcconfig; path = Settings.xcconfig; sourceTree = "<group>"; };
/* End PBXFileReference section */

/* Begin PBXFrameworksBuildPhase section */
		37F64A8E1780EA2C009116E7 /* Frameworks */ = {
			isa = PBXFrameworksBuildPhase;
			buildActionMask = 2147483647;
			files = (
				37F369011ACDFEFA00314DB2 /* IOKit.framework in Frameworks */,
				37F368FF1ACDFEF300314DB2 /* Cocoa.framework in Frameworks */,
				37F368FD1ACDFEE600314DB2 /* Carbon.framework in Frameworks */,
				37F369031ACDFF0A00314DB2 /* libiconv.dylib in Frameworks */,
				37AAC1CA19F42A3600C32899 /* libCKFramework.a in Frameworks */,
			);
			runOnlyForDeploymentPostprocessing = 0;
		};
/* End PBXFrameworksBuildPhase section */

/* Begin PBXGroup section */
		373ACBF41AD31B320082DB63 /* External */ = {
			isa = PBXGroup;
			children = (
				373ACBF61AD31B4E0082DB63 /* stb.cpp */,
				373ACBF51AD31B440082DB63 /* stb_image.h */,
			);
			name = External;
			sourceTree = "<group>";
		};
		378DC1E71ACF6AB2004C8004 /* Entity */ = {
			isa = PBXGroup;
			children = (
				37B50EEF1AF436C900EE8213 /* Comp */,
				37F43E621B34CBE20065D8E9 /* EntityDataTable.hpp */,
				37F43E651B34DBEE0065D8E9 /* EntityDataTable.cpp */,
				37F43E5F1B34CB810065D8E9 /* DataRowset.cpp */,
				37F43E601B34CB810065D8E9 /* DataRowset.hpp */,
				37B50EE91AF41F9C00EE8213 /* EntityTypes.hpp */,
				37E604991B0FCBCF009C916D /* EntityFactory.hpp */,
				37E604981B0FCBCF009C916D /* EntityFactory.cpp */,
				37E604821B0A6B81009C916D /* EntityDatabase.hpp */,
				37E604811B0A6B81009C916D /* EntityDatabase.cpp */,
				37F43E631B34D7870065D8E9 /* EntityTypes.cpp */,
			);
			name = Entity;
			path = ../../Engine/Entity;
			sourceTree = "<group>";
		};
		378DC21B1ACF7148004C8004 /* Client */ = {
			isa = PBXGroup;
			children = (
				37C94ECF1B1D078500F35CD5 /* Tasks */,
				37B30CB91AED80830029887F /* Shaders */,
				378DC2201ACF757D004C8004 /* OVMain.cpp */,
				37AE99161ADF0C4D00497B6F /* Stage.hpp */,
				37E604A51B0FCE0C009C916D /* StageApplication.cpp */,
				37E604A61B0FCE0C009C916D /* StageApplication.hpp */,
			);
			name = Client;
			sourceTree = "<group>";
		};
		378DC21C1ACF735A004C8004 /* Apple */ = {
			isa = PBXGroup;
			children = (
				37F64AA01780EA2C009116E7 /* main.mm */,
			);
			name = Apple;
			sourceTree = "<group>";
		};
		37A546F41AE2E3D700341500 /* Objects */ = {
			isa = PBXGroup;
			children = (
			);
			name = Objects;
			sourceTree = "<group>";
		};
		37A546F71AE2E4E200341500 /* Utils */ = {
			isa = PBXGroup;
			children = (
				37A546F81AE2E50900341500 /* JsonParseExtensions.cpp */,
				37A546F91AE2E50900341500 /* JsonParseExtensions.hpp */,
			);
			name = Utils;
			sourceTree = "<group>";
		};
		37B1FE661789F68F00C38E18 /* Prototype */ = {
			isa = PBXGroup;
			children = (
				37F43E591B339FBF0065D8E9 /* Comp */,
				378DC21C1ACF735A004C8004 /* Apple */,
				37A546F41AE2E3D700341500 /* Objects */,
				378DC21B1ACF7148004C8004 /* Client */,
				378DC2181ACF7112004C8004 /* GameTypes.cpp */,
				378DC2191ACF7112004C8004 /* GameTypes.hpp */,
				37C94EDC1B1D2DB000F35CD5 /* MessageHandlers.cpp */,
				37C94EDD1B1D2DB000F35CD5 /* MessageHandlers.hpp */,
				37C94EDF1B1D31F500F35CD5 /* AppInterface.cpp */,
				37C94EE01B1D31F500F35CD5 /* AppInterface.hpp */,
			);
			name = Prototype;
			path = ..;
			sourceTree = "<group>";
		};
		37B30CB91AED80830029887F /* Shaders */ = {
			isa = PBXGroup;
			children = (
				37B30CC11AED85ED0029887F /* shaderlib.sh */,
				37B30CBF1AED85E20029887F /* varying.def.sc */,
				37B30CBB1AED81BC0029887F /* fs_cubes.fs */,
				37B30CBC1AED81BC0029887F /* vs_cubes.vs */,
			);
			name = Shaders;
			sourceTree = "<group>";
		};
		37B50EEF1AF436C900EE8213 /* Comp */ = {
			isa = PBXGroup;
			children = (
				37B50EEB1AF42E9600EE8213 /* Light.hpp */,
				37B50EEC1AF430E300EE8213 /* Camera.hpp */,
				37B50EED1AF4330900EE8213 /* Transform.hpp */,
				37B50EEE1AF434A600EE8213 /* Renderable.hpp */,
				37E604851B0AACFC009C916D /* Components.cpp */,
			);
			name = Comp;
			sourceTree = "<group>";
		};
		37C94ECF1B1D078500F35CD5 /* Tasks */ = {
			isa = PBXGroup;
			children = (
				37C94ED61B1D122F00F35CD5 /* GameTask.cpp */,
				37C94ED71B1D122F00F35CD5 /* GameTask.hpp */,
			);
			name = Tasks;
			sourceTree = "<group>";
		};
		37DD56491B0847DE0091C9EB /* Graphs */ = {
			isa = PBXGroup;
			children = (
				37D2FDE31B2B3B9200C67E60 /* BVHGraph.hpp */,
				37F43E571B31E6E20065D8E9 /* BVHGraph.cpp */,
				37D2FDE41B2B3B9200C67E60 /* BVHTypes.hpp */,
				37D2FDE51B2B3BC600C67E60 /* Octree.hpp */,
			);
			name = Graphs;
			sourceTree = "<group>";
		};
		37E6048F1B0FAECD009C916D /* Render */ = {
			isa = PBXGroup;
			children = (
				37E604911B0FAEDC009C916D /* RenderScene.cpp */,
				37E604921B0FAEDC009C916D /* RenderScene.hpp */,
				37E604941B0FAF00009C916D /* RenderTypes.hpp */,
			);
			name = Render;
			sourceTree = "<group>";
		};
		37E604A81B0FE656009C916D /* Objects */ = {
			isa = PBXGroup;
			children = (
				37E604A91B0FE6AB009C916D /* entityevents.capnp */,
				37E604AA1B0FE6AB009C916D /* ovtypes.capnp */,
			);
			name = Objects;
			sourceTree = "<group>";
		};
		37F368FB1ACDFE8500314DB2 /* Engine */ = {
			isa = PBXGroup;
			children = (
				37E604A81B0FE656009C916D /* Objects */,
				37E6048F1B0FAECD009C916D /* Render */,
				37DD56491B0847DE0091C9EB /* Graphs */,
				37A546F71AE2E4E200341500 /* Utils */,
				378DC1E71ACF6AB2004C8004 /* Entity */,
				378DC1E21ACF6AB2004C8004 /* AABB.cpp */,
				378DC1E31ACF6AB2004C8004 /* AABB.hpp */,
				37E604AF1B0FEE32009C916D /* ObjectTypes.cpp */,
				37E604B01B0FEE32009C916D /* ObjectTypes.hpp */,
				378DC1F31ACF6AB2004C8004 /* ModelCollection.hpp */,
				378DC1F61ACF6AB2004C8004 /* ModelLibrary.hpp */,
				37F369041ACE00E100314DB2 /* Debug.hpp */,
				37F369071ACE00E100314DB2 /* EngineTypes.hpp */,
				378DC1CA1ACF6346004C8004 /* Grid.hpp */,
				37E6049B1B0FCBE6009C916D /* MessageDispatcher.cpp */,
				37E6049C1B0FCBE6009C916D /* MessageDispatcher.hpp */,
				37E6049D1B0FCBE6009C916D /* MessagePublisher.cpp */,
				37E6049E1B0FCBE6009C916D /* MessagePublisher.hpp */,
				37E6049F1B0FCBE6009C916D /* MessageStream.cpp */,
				37E604A01B0FCBE6009C916D /* MessageStream.hpp */,
				37E604A11B0FCBE6009C916D /* MessageTypes.hpp */,
			);
			name = Engine;
			path = ..;
			sourceTree = "<group>";
		};
		37F369A41ACE0E5E00314DB2 /* CKGfx */ = {
			isa = PBXGroup;
			children = (
				373ACBF41AD31B320082DB63 /* External */,
				373ACBE71AD0A2400082DB63 /* BitmapAtlas.cpp */,
				373ACBE81AD0A2400082DB63 /* BitmapAtlas.hpp */,
				373ACBE91AD0A2400082DB63 /* BitmapAtlasLoader.cpp */,
				373ACBEA1AD0A2400082DB63 /* BitmapAtlasLoader.hpp */,
				373ACBEB1AD0A2400082DB63 /* BitmapLibrary.cpp */,
				373ACBEC1AD0A2400082DB63 /* BitmapLibrary.hpp */,
				373ACBF01AD1B44B0082DB63 /* GfxTypes.hpp */,
				373ACBF11AD1E6960082DB63 /* TextureAtlas.cpp */,
				373ACBF21AD1E6960082DB63 /* TextureAtlas.hpp */,
				378A996A1AEAE2BD008BD771 /* ShaderLibrary.cpp */,
				378A996B1AEAE2BD008BD771 /* ShaderLibrary.hpp */,
				378A996D1AEB107F008BD771 /* VertexTypes.cpp */,
				378A996E1AEB107F008BD771 /* VertexTypes.hpp */,
				37240E1B1AEED89A005D6048 /* Mesh.cpp */,
				37240E1C1AEED89A005D6048 /* Mesh.hpp */,
				37E604B21B0FF406009C916D /* MeshLibrary.cpp */,
				37E604B31B0FF406009C916D /* MeshLibrary.hpp */,
			);
			name = CKGfx;
			path = ..;
			sourceTree = "<group>";
		};
		37F43E591B339FBF0065D8E9 /* Comp */ = {
			isa = PBXGroup;
			children = (
				37F43E5A1B339FD50065D8E9 /* Custom */,
			);
			name = Comp;
			sourceTree = "<group>";
		};
		37F43E5A1B339FD50065D8E9 /* Custom */ = {
			isa = PBXGroup;
			children = (
				37F43E5C1B33A2040065D8E9 /* CustomComponentTypes.hpp */,
				37F43E5D1B33A4340065D8E9 /* CustomComponents.cpp */,
				37F43E5B1B33A1220065D8E9 /* StellarSystem.hpp */,
			);
			name = Custom;
			sourceTree = "<group>";
		};
		37F64A881780EA2C009116E7 = {
			isa = PBXGroup;
			children = (
				37F64ACD1780F295009116E7 /* Settings.xcconfig */,
				37F64A9A1780EA2C009116E7 /* Overview */,
				37F64ACC1780F041009116E7 /* Libraries */,
				37F64A931780EA2C009116E7 /* Frameworks */,
				37F64A921780EA2C009116E7 /* Products */,
			);
			sourceTree = "<group>";
		};
		37F64A921780EA2C009116E7 /* Products */ = {
			isa = PBXGroup;
			children = (
				37F64A911780EA2C009116E7 /* Overview.app */,
			);
			name = Products;
			sourceTree = "<group>";
		};
		37F64A931780EA2C009116E7 /* Frameworks */ = {
			isa = PBXGroup;
			children = (
				37F369001ACDFEFA00314DB2 /* IOKit.framework */,
				37F368FE1ACDFEF300314DB2 /* Cocoa.framework */,
				37F368FC1ACDFEE600314DB2 /* Carbon.framework */,
				37F64A961780EA2C009116E7 /* Other Frameworks */,
			);
			name = Frameworks;
			sourceTree = "<group>";
		};
		37F64A961780EA2C009116E7 /* Other Frameworks */ = {
			isa = PBXGroup;
			children = (
			);
			name = "Other Frameworks";
			sourceTree = "<group>";
		};
		37F64A9A1780EA2C009116E7 /* Overview */ = {
			isa = PBXGroup;
			children = (
				37B1FE661789F68F00C38E18 /* Prototype */,
				37F368FB1ACDFE8500314DB2 /* Engine */,
				37F369A41ACE0E5E00314DB2 /* CKGfx */,
				37F64A9B1780EA2C009116E7 /* Supporting Files */,
			);
			path = Overview;
			sourceTree = "<group>";
		};
		37F64A9B1780EA2C009116E7 /* Supporting Files */ = {
			isa = PBXGroup;
			children = (
				37F64A9C1780EA2C009116E7 /* Overview-Info.plist */,
				37F64A9D1780EA2C009116E7 /* InfoPlist.strings */,
				37F64AA31780EA2D009116E7 /* Credits.rtf */,
			);
			name = "Supporting Files";
			sourceTree = "<group>";
		};
		37F64ACC1780F041009116E7 /* Libraries */ = {
			isa = PBXGroup;
			children = (
				37AAC1C619F42A3600C32899 /* libCKFramework.a */,
				37F369021ACDFF0A00314DB2 /* libiconv.dylib */,
			);
			name = Libraries;
			sourceTree = "<group>";
		};
/* End PBXGroup section */

/* Begin PBXNativeTarget section */
		37F64A901780EA2C009116E7 /* Overview */ = {
			isa = PBXNativeTarget;
			buildConfigurationList = 37F64AAE1780EA2D009116E7 /* Build configuration list for PBXNativeTarget "Overview" */;
			buildPhases = (
				37F64A8D1780EA2C009116E7 /* Sources */,
				37F64A8E1780EA2C009116E7 /* Frameworks */,
				37F64A8F1780EA2C009116E7 /* Resources */,
				37CEF196179F9AD1007AB3A6 /* Copy Files */,
			);
			buildRules = (
				37B30CC31AED861A0029887F /* PBXBuildRule */,
				37B30CBA1AED81A10029887F /* PBXBuildRule */,
				37A546F31AE2DCC400341500 /* PBXBuildRule */,
			);
			dependencies = (
			);
			name = Overview;
			productName = Overview;
			productReference = 37F64A911780EA2C009116E7 /* Overview.app */;
			productType = "com.apple.product-type.application";
		};
/* End PBXNativeTarget section */

/* Begin PBXProject section */
		37F64A891780EA2C009116E7 /* Project object */ = {
			isa = PBXProject;
			attributes = {
				LastUpgradeCheck = 0500;
				ORGANIZATIONNAME = Cinekine;
			};
			buildConfigurationList = 37F64A8C1780EA2C009116E7 /* Build configuration list for PBXProject "Overview" */;
			compatibilityVersion = "Xcode 3.2";
			developmentRegion = English;
			hasScannedForEncodings = 0;
			knownRegions = (
				en,
			);
			mainGroup = 37F64A881780EA2C009116E7;
			productRefGroup = 37F64A921780EA2C009116E7 /* Products */;
			projectDirPath = "";
			projectRoot = "";
			targets = (
				37F64A901780EA2C009116E7 /* Overview */,
			);
		};
/* End PBXProject section */

/* Begin PBXResourcesBuildPhase section */
		37F64A8F1780EA2C009116E7 /* Resources */ = {
			isa = PBXResourcesBuildPhase;
			buildActionMask = 2147483647;
			files = (
				37F64A9F1780EA2C009116E7 /* InfoPlist.strings in Resources */,
				37B30CC01AED85E20029887F /* varying.def.sc in Resources */,
				37B30CBD1AED81BC0029887F /* fs_cubes.fs in Resources */,
				37B30CC21AED85ED0029887F /* shaderlib.sh in Resources */,
				37B30CBE1AED81BC0029887F /* vs_cubes.vs in Resources */,
				37E604AB1B0FE6AB009C916D /* entityevents.capnp in Resources */,
				37E604AC1B0FE6AB009C916D /* ovtypes.capnp in Resources */,
				37F64AA51780EA2D009116E7 /* Credits.rtf in Resources */,
			);
			runOnlyForDeploymentPostprocessing = 0;
		};
/* End PBXResourcesBuildPhase section */

/* Begin PBXSourcesBuildPhase section */
		37F64A8D1780EA2C009116E7 /* Sources */ = {
			isa = PBXSourcesBuildPhase;
			buildActionMask = 2147483647;
			files = (
				37E604AD1B0FE6E6009C916D /* entityevents.capnp in Sources */,
				37E604AE1B0FE6E6009C916D /* ovtypes.capnp in Sources */,
				37F43E641B34D7870065D8E9 /* EntityTypes.cpp in Sources */,
				37F43E661B34DBEE0065D8E9 /* EntityDataTable.cpp in Sources */,
				37C94EDE1B1D2DB000F35CD5 /* MessageHandlers.cpp in Sources */,
				373ACBF31AD1E6960082DB63 /* TextureAtlas.cpp in Sources */,
				37E604B11B0FEE32009C916D /* ObjectTypes.cpp in Sources */,
				37240E1D1AEED89A005D6048 /* Mesh.cpp in Sources */,
				37E604B41B0FF406009C916D /* MeshLibrary.cpp in Sources */,
				378DC2221ACF757D004C8004 /* OVMain.cpp in Sources */,
				373ACBED1AD0A2400082DB63 /* BitmapAtlas.cpp in Sources */,
				37F64AA11780EA2C009116E7 /* main.mm in Sources */,
				37F43E5E1B33A4340065D8E9 /* CustomComponents.cpp in Sources */,
				37C94EE11B1D31F500F35CD5 /* AppInterface.cpp in Sources */,
				37E604861B0AACFC009C916D /* Components.cpp in Sources */,
				378A996C1AEAE2BD008BD771 /* ShaderLibrary.cpp in Sources */,
				37E604931B0FAEDC009C916D /* RenderScene.cpp in Sources */,
				37E604831B0A6B81009C916D /* EntityDatabase.cpp in Sources */,
				37E604A41B0FCBE6009C916D /* MessageStream.cpp in Sources */,
				37F43E581B31E6E20065D8E9 /* BVHGraph.cpp in Sources */,
				373ACBEF1AD0A2400082DB63 /* BitmapLibrary.cpp in Sources */,
				37C94ED81B1D122F00F35CD5 /* GameTask.cpp in Sources */,
				37A546FA1AE2E50900341500 /* JsonParseExtensions.cpp in Sources */,
				37F43E611B34CB820065D8E9 /* DataRowset.cpp in Sources */,
				373ACBF71AD31B4E0082DB63 /* stb.cpp in Sources */,
				37E604A31B0FCBE6009C916D /* MessagePublisher.cpp in Sources */,
				378DC21A1ACF7112004C8004 /* GameTypes.cpp in Sources */,
				378DC2091ACF6AB2004C8004 /* AABB.cpp in Sources */,
				378A996F1AEB107F008BD771 /* VertexTypes.cpp in Sources */,
				37E604A21B0FCBE6009C916D /* MessageDispatcher.cpp in Sources */,
				373ACBEE1AD0A2400082DB63 /* BitmapAtlasLoader.cpp in Sources */,
				37E6049A1B0FCBCF009C916D /* EntityFactory.cpp in Sources */,
			);
			runOnlyForDeploymentPostprocessing = 0;
		};
/* End PBXSourcesBuildPhase section */

/* Begin PBXVariantGroup section */
		37F64A9D1780EA2C009116E7 /* InfoPlist.strings */ = {
			isa = PBXVariantGroup;
			children = (
				37F64A9E1780EA2C009116E7 /* en */,
			);
			name = InfoPlist.strings;
			sourceTree = "<group>";
		};
		37F64AA31780EA2D009116E7 /* Credits.rtf */ = {
			isa = PBXVariantGroup;
			children = (
				37F64AA41780EA2D009116E7 /* en */,
			);
			name = Credits.rtf;
			sourceTree = "<group>";
		};
/* End PBXVariantGroup section */

/* Begin XCBuildConfiguration section */
		37F64AAC1780EA2D009116E7 /* Debug */ = {
			isa = XCBuildConfiguration;
			baseConfigurationReference = 37F64ACD1780F295009116E7 /* Settings.xcconfig */;
			buildSettings = {
				ALWAYS_SEARCH_USER_PATHS = NO;
				ARCHS = "$(ARCHS_STANDARD_64_BIT)";
				CLANG_CXX_LANGUAGE_STANDARD = "c++0x";
				CLANG_CXX_LIBRARY = "libc++";
				CLANG_ENABLE_OBJC_ARC = NO;
				CLANG_WARN_CONSTANT_CONVERSION = YES;
				CLANG_WARN_EMPTY_BODY = YES;
				CLANG_WARN_ENUM_CONVERSION = YES;
				CLANG_WARN_INT_CONVERSION = YES;
				CLANG_WARN__DUPLICATE_METHOD_MATCH = YES;
				COPY_PHASE_STRIP = NO;
				FRAMEWORK_SEARCH_PATHS = /Library/Frameworks;
				GCC_C_LANGUAGE_STANDARD = c99;
				GCC_DYNAMIC_NO_PIC = NO;
				GCC_ENABLE_CPP_EXCEPTIONS = NO;
				GCC_ENABLE_CPP_RTTI = NO;
				GCC_ENABLE_OBJC_EXCEPTIONS = YES;
				GCC_OPTIMIZATION_LEVEL = 0;
				GCC_PREPROCESSOR_DEFINITIONS = (
					"DEBUG=1",
					"$(inherited)",
				);
				GCC_SYMBOLS_PRIVATE_EXTERN = NO;
				GCC_WARN_64_TO_32_BIT_CONVERSION = YES;
				GCC_WARN_ABOUT_RETURN_TYPE = YES;
				GCC_WARN_UNINITIALIZED_AUTOS = YES;
				GCC_WARN_UNUSED_VARIABLE = YES;
				HEADER_SEARCH_PATHS = (
					"$(PACKAGES_ROOT)",
					../..,
				);
				MACOSX_DEPLOYMENT_TARGET = 10.7;
				ONLY_ACTIVE_ARCH = YES;
				SDKROOT = macosx10.7;
				USER_HEADER_SEARCH_PATHS = "$(HOME)/Documents/Development/cinekine/include/SDL2";
			};
			name = Debug;
		};
		37F64AAD1780EA2D009116E7 /* Release */ = {
			isa = XCBuildConfiguration;
			baseConfigurationReference = 37F64ACD1780F295009116E7 /* Settings.xcconfig */;
			buildSettings = {
				ALWAYS_SEARCH_USER_PATHS = NO;
				ARCHS = "$(ARCHS_STANDARD_64_BIT)";
				CLANG_CXX_LANGUAGE_STANDARD = "c++0x";
				CLANG_CXX_LIBRARY = "libc++";
				CLANG_ENABLE_OBJC_ARC = NO;
				CLANG_WARN_CONSTANT_CONVERSION = YES;
				CLANG_WARN_EMPTY_BODY = YES;
				CLANG_WARN_ENUM_CONVERSION = YES;
				CLANG_WARN_INT_CONVERSION = YES;
				CLANG_WARN__DUPLICATE_METHOD_MATCH = YES;
				COPY_PHASE_STRIP = YES;
				DEBUG_INFORMATION_FORMAT = "dwarf-with-dsym";
				FRAMEWORK_SEARCH_PATHS = /Library/Frameworks;
				GCC_C_LANGUAGE_STANDARD = c99;
				GCC_ENABLE_CPP_EXCEPTIONS = NO;
				GCC_ENABLE_CPP_RTTI = NO;
				GCC_ENABLE_OBJC_EXCEPTIONS = YES;
				GCC_WARN_64_TO_32_BIT_CONVERSION = YES;
				GCC_WARN_ABOUT_RETURN_TYPE = YES;
				GCC_WARN_UNINITIALIZED_AUTOS = YES;
				GCC_WARN_UNUSED_VARIABLE = YES;
				HEADER_SEARCH_PATHS = (
					"$(PACKAGES_ROOT)",
					../..,
				);
				MACOSX_DEPLOYMENT_TARGET = 10.7;
				SDKROOT = macosx10.7;
				USER_HEADER_SEARCH_PATHS = "$(HOME)/Documents/Development/cinekine/include/SDL2";
			};
			name = Release;
		};
		37F64AAF1780EA2D009116E7 /* Debug */ = {
			isa = XCBuildConfiguration;
			buildSettings = {
				CLANG_CXX_LANGUAGE_STANDARD = "c++11";
				COMBINE_HIDPI_IMAGES = YES;
				FRAMEWORK_SEARCH_PATHS = "$(inherited)";
				GCC_PRECOMPILE_PREFIX_HEADER = YES;
				GCC_PREFIX_HEADER = "";
				GCC_PREPROCESSOR_DEFINITIONS = "";
				"GCC_PREPROCESSOR_DEFINITIONS[arch=*]" = (
					"CINEK_GLM_ENABLED=1",
					"DEBUG=1",
				);
				HEADER_SEARCH_PATHS = (
					..,
					../..,
					"$(PACKAGES_ROOT)/include",
				);
				INFOPLIST_FILE = "Overview/Overview-Info.plist";
				LIBRARY_SEARCH_PATHS = (
					"$(inherited)",
					"$(PACKAGES_ROOT)/lib",
					"$(USER_LIBRARY_DIR)/Developer/Xcode/DerivedData/Prototype-busevatmdawlcjggxdwanwesvkef/Build/Products/Debug",
				);
				MACOSX_DEPLOYMENT_TARGET = 10.9;
				OTHER_LDFLAGS = (
					"$(PACKAGES_ROOT)/lib/libSDL2.a",
					"$(PACKAGES_ROOT)/lib/libkj.a",
					"$(PACKAGES_ROOT)/lib/libcapnp.a",
					"$(PACKAGES_ROOT)/lib/libLinearMath.a",
					"$(PACKAGES_ROOT)/lib/libBulletCollision.a",
					"$(PACKAGES_ROOT)/lib/libbgfxDebug.a",
				);
				PRODUCT_NAME = "$(TARGET_NAME)";
				SDKROOT = macosx10.9;
				WRAPPER_EXTENSION = app;
			};
			name = Debug;
		};
		37F64AB01780EA2D009116E7 /* Release */ = {
			isa = XCBuildConfiguration;
			buildSettings = {
				CLANG_CXX_LANGUAGE_STANDARD = "c++11";
				COMBINE_HIDPI_IMAGES = YES;
				FRAMEWORK_SEARCH_PATHS = "$(inherited)";
				GCC_PRECOMPILE_PREFIX_HEADER = YES;
				GCC_PREFIX_HEADER = "";
				GCC_PREPROCESSOR_DEFINITIONS = "";
				"GCC_PREPROCESSOR_DEFINITIONS[arch=*]" = "CINEK_GLM_ENABLED=1";
				HEADER_SEARCH_PATHS = (
					..,
					../..,
					"$(PACKAGES_ROOT)/include",
				);
				INFOPLIST_FILE = "Overview/Overview-Info.plist";
				LIBRARY_SEARCH_PATHS = (
					"$(inherited)",
					"$(PACKAGES_ROOT)/lib",
					"$(USER_LIBRARY_DIR)/Developer/Xcode/DerivedData/Prototype-busevatmdawlcjggxdwanwesvkef/Build/Products/Debug",
				);
				MACOSX_DEPLOYMENT_TARGET = 10.9;
				OTHER_LDFLAGS = (
					"$(PACKAGES_ROOT)/lib/libSDL2.a",
					"$(PACKAGES_ROOT)/lib/libkj.a",
					"$(PACKAGES_ROOT)/lib/libcapnp.a",
					"$(PACKAGES_ROOT)/lib/libLinearMath.a",
					"$(PACKAGES_ROOT)/lib/libBulletCollision.a",
					"$(PACKAGES_ROOT)/lib/libbgfxRelease.a",
				);
				PRODUCT_NAME = "$(TARGET_NAME)";
				SDKROOT = macosx10.9;
				WRAPPER_EXTENSION = app;
			};
			name = Release;
		};
/* End XCBuildConfiguration section */

/* Begin XCConfigurationList section */
		37F64A8C1780EA2C009116E7 /* Build configuration list for PBXProject "Overview" */ = {
			isa = XCConfigurationList;
			buildConfigurations = (
				37F64AAC1780EA2D009116E7 /* Debug */,
				37F64AAD1780EA2D009116E7 /* Release */,
			);
			defaultConfigurationIsVisible = 0;
			defaultConfigurationName = Release;
		};
		37F64AAE1780EA2D009116E7 /* Build configuration list for PBXNativeTarget "Overview" */ = {
			isa = XCConfigurationList;
			buildConfigurations = (
				37F64AAF1780EA2D009116E7 /* Debug */,
				37F64AB01780EA2D009116E7 /* Release */,
			);
			defaultConfigurationIsVisible = 0;
			defaultConfigurationName = Release;
		};
/* End XCConfigurationList section */
	};
	rootObject = 37F64A891780EA2C009116E7 /* Project object */;
}
