// !$*UTF8*$!
{
	archiveVersion = 1;
	classes = {
	};
	objectVersion = 46;
	objects = {

/* Begin PBXBuildFile section */
		373ACBED1AD0A2400082DB63 /* BitmapAtlas.cpp in Sources */ = {isa = PBXBuildFile; fileRef = 373ACBE71AD0A2400082DB63 /* BitmapAtlas.cpp */; };
		373ACBEE1AD0A2400082DB63 /* BitmapAtlasLoader.cpp in Sources */ = {isa = PBXBuildFile; fileRef = 373ACBE91AD0A2400082DB63 /* BitmapAtlasLoader.cpp */; };
		373ACBEF1AD0A2400082DB63 /* BitmapLibrary.cpp in Sources */ = {isa = PBXBuildFile; fileRef = 373ACBEB1AD0A2400082DB63 /* BitmapLibrary.cpp */; };
		373ACBF31AD1E6960082DB63 /* TextureAtlas.cpp in Sources */ = {isa = PBXBuildFile; fileRef = 373ACBF11AD1E6960082DB63 /* TextureAtlas.cpp */; };
		373ACBF71AD31B4E0082DB63 /* stb.cpp in Sources */ = {isa = PBXBuildFile; fileRef = 373ACBF61AD31B4E0082DB63 /* stb.cpp */; };
		378DC2091ACF6AB2004C8004 /* AABB.cpp in Sources */ = {isa = PBXBuildFile; fileRef = 378DC1E21ACF6AB2004C8004 /* AABB.cpp */; };
		378DC20C1ACF6AB2004C8004 /* EntityTemplate.cpp in Sources */ = {isa = PBXBuildFile; fileRef = 378DC1EB1ACF6AB2004C8004 /* EntityTemplate.cpp */; };
		378DC20D1ACF6AB2004C8004 /* EntityTemplateCollection.cpp in Sources */ = {isa = PBXBuildFile; fileRef = 378DC1ED1ACF6AB2004C8004 /* EntityTemplateCollection.cpp */; };
		378DC20E1ACF6AB2004C8004 /* EntityTemplateCollectionLoader.cpp in Sources */ = {isa = PBXBuildFile; fileRef = 378DC1EF1ACF6AB2004C8004 /* EntityTemplateCollectionLoader.cpp */; };
		378DC2111ACF6AB2004C8004 /* Sprite.cpp in Sources */ = {isa = PBXBuildFile; fileRef = 378DC1F91ACF6AB2004C8004 /* Sprite.cpp */; };
		378DC2121ACF6AB2004C8004 /* SpriteAnimation.cpp in Sources */ = {isa = PBXBuildFile; fileRef = 378DC1FB1ACF6AB2004C8004 /* SpriteAnimation.cpp */; };
		378DC2131ACF6AB2004C8004 /* SpriteCollection.cpp in Sources */ = {isa = PBXBuildFile; fileRef = 378DC1FD1ACF6AB2004C8004 /* SpriteCollection.cpp */; };
		378DC2141ACF6AB2004C8004 /* SpriteCollectionLoader.cpp in Sources */ = {isa = PBXBuildFile; fileRef = 378DC1FF1ACF6AB2004C8004 /* SpriteCollectionLoader.cpp */; };
		378DC2151ACF6AB2004C8004 /* SpriteInstance.cpp in Sources */ = {isa = PBXBuildFile; fileRef = 378DC2011ACF6AB2004C8004 /* SpriteInstance.cpp */; };
		378DC2161ACF6AB2004C8004 /* TileCollectionLoader.cpp in Sources */ = {isa = PBXBuildFile; fileRef = 378DC2061ACF6AB2004C8004 /* TileCollectionLoader.cpp */; };
		378DC21A1ACF7112004C8004 /* GameTypes.cpp in Sources */ = {isa = PBXBuildFile; fileRef = 378DC2181ACF7112004C8004 /* GameTypes.cpp */; };
		378DC2221ACF757D004C8004 /* OVMain.cpp in Sources */ = {isa = PBXBuildFile; fileRef = 378DC2201ACF757D004C8004 /* OVMain.cpp */; };
		37AAC1CA19F42A3600C32899 /* libCKFramework.a in Frameworks */ = {isa = PBXBuildFile; fileRef = 37AAC1C619F42A3600C32899 /* libCKFramework.a */; };
		37F368FD1ACDFEE600314DB2 /* Carbon.framework in Frameworks */ = {isa = PBXBuildFile; fileRef = 37F368FC1ACDFEE600314DB2 /* Carbon.framework */; };
		37F368FF1ACDFEF300314DB2 /* Cocoa.framework in Frameworks */ = {isa = PBXBuildFile; fileRef = 37F368FE1ACDFEF300314DB2 /* Cocoa.framework */; };
		37F369011ACDFEFA00314DB2 /* IOKit.framework in Frameworks */ = {isa = PBXBuildFile; fileRef = 37F369001ACDFEFA00314DB2 /* IOKit.framework */; };
		37F369031ACDFF0A00314DB2 /* libiconv.dylib in Frameworks */ = {isa = PBXBuildFile; fileRef = 37F369021ACDFF0A00314DB2 /* libiconv.dylib */; };
		37F64A9F1780EA2C009116E7 /* InfoPlist.strings in Resources */ = {isa = PBXBuildFile; fileRef = 37F64A9D1780EA2C009116E7 /* InfoPlist.strings */; };
		37F64AA11780EA2C009116E7 /* main.m in Sources */ = {isa = PBXBuildFile; fileRef = 37F64AA01780EA2C009116E7 /* main.m */; };
		37F64AA51780EA2D009116E7 /* Credits.rtf in Resources */ = {isa = PBXBuildFile; fileRef = 37F64AA31780EA2D009116E7 /* Credits.rtf */; };
/* End PBXBuildFile section */

/* Begin PBXBuildRule section */
		37AAC1C419F358FE00C32899 /* PBXBuildRule */ = {
			isa = PBXBuildRule;
			compilerSpec = com.apple.compilers.proxy.script;
			filePatterns = "*.proto";
			fileType = pattern.proxy;
			isEditable = 1;
			outputFiles = (
				"${PROJECT_DIR}/../Gen/$(INPUT_FILE_BASE).pb.h",
				"${PROJECT_DIR}/../Gen/$(INPUT_FILE_BASE).pb.cc",
			);
			script = "cd ${INPUT_FILE_DIR}\n${PACKAGES_ROOT}/bin/protoc --proto_path=${INPUT_FILE_DIR} ${INPUT_FILE_PATH} --cpp_out=${PROJECT_DIR}/../Gen\n";
		};
/* End PBXBuildRule section */

/* Begin PBXCopyFilesBuildPhase section */
		37CEF196179F9AD1007AB3A6 /* Copy Files */ = {
			isa = PBXCopyFilesBuildPhase;
			buildActionMask = 2147483647;
			dstPath = "";
			dstSubfolderSpec = 10;
			files = (
			);
			name = "Copy Files";
			runOnlyForDeploymentPostprocessing = 0;
		};
/* End PBXCopyFilesBuildPhase section */

/* Begin PBXFileReference section */
		373ACBE71AD0A2400082DB63 /* BitmapAtlas.cpp */ = {isa = PBXFileReference; fileEncoding = 4; lastKnownFileType = sourcecode.cpp.cpp; name = BitmapAtlas.cpp; path = ../../CKGfx/BitmapAtlas.cpp; sourceTree = "<group>"; };
		373ACBE81AD0A2400082DB63 /* BitmapAtlas.hpp */ = {isa = PBXFileReference; fileEncoding = 4; lastKnownFileType = sourcecode.cpp.h; name = BitmapAtlas.hpp; path = ../../CKGfx/BitmapAtlas.hpp; sourceTree = "<group>"; };
		373ACBE91AD0A2400082DB63 /* BitmapAtlasLoader.cpp */ = {isa = PBXFileReference; fileEncoding = 4; lastKnownFileType = sourcecode.cpp.cpp; name = BitmapAtlasLoader.cpp; path = ../../CKGfx/BitmapAtlasLoader.cpp; sourceTree = "<group>"; };
		373ACBEA1AD0A2400082DB63 /* BitmapAtlasLoader.hpp */ = {isa = PBXFileReference; fileEncoding = 4; lastKnownFileType = sourcecode.cpp.h; name = BitmapAtlasLoader.hpp; path = ../../CKGfx/BitmapAtlasLoader.hpp; sourceTree = "<group>"; };
		373ACBEB1AD0A2400082DB63 /* BitmapLibrary.cpp */ = {isa = PBXFileReference; fileEncoding = 4; lastKnownFileType = sourcecode.cpp.cpp; name = BitmapLibrary.cpp; path = ../../CKGfx/BitmapLibrary.cpp; sourceTree = "<group>"; };
		373ACBEC1AD0A2400082DB63 /* BitmapLibrary.hpp */ = {isa = PBXFileReference; fileEncoding = 4; lastKnownFileType = sourcecode.cpp.h; name = BitmapLibrary.hpp; path = ../../CKGfx/BitmapLibrary.hpp; sourceTree = "<group>"; };
		373ACBF01AD1B44B0082DB63 /* GfxTypes.hpp */ = {isa = PBXFileReference; lastKnownFileType = sourcecode.cpp.h; name = GfxTypes.hpp; path = ../../CKGfx/GfxTypes.hpp; sourceTree = "<group>"; };
		373ACBF11AD1E6960082DB63 /* TextureAtlas.cpp */ = {isa = PBXFileReference; fileEncoding = 4; lastKnownFileType = sourcecode.cpp.cpp; name = TextureAtlas.cpp; path = ../../CKGfx/TextureAtlas.cpp; sourceTree = "<group>"; };
		373ACBF21AD1E6960082DB63 /* TextureAtlas.hpp */ = {isa = PBXFileReference; fileEncoding = 4; lastKnownFileType = sourcecode.cpp.h; name = TextureAtlas.hpp; path = ../../CKGfx/TextureAtlas.hpp; sourceTree = "<group>"; };
		373ACBF51AD31B440082DB63 /* stb_image.h */ = {isa = PBXFileReference; lastKnownFileType = sourcecode.c.h; name = stb_image.h; path = ../../CKGfx/External/stb/stb_image.h; sourceTree = "<group>"; };
		373ACBF61AD31B4E0082DB63 /* stb.cpp */ = {isa = PBXFileReference; fileEncoding = 4; lastKnownFileType = sourcecode.cpp.cpp; name = stb.cpp; path = ../../CKGfx/External/stb/stb.cpp; sourceTree = "<group>"; };
		378DC1CA1ACF6346004C8004 /* Grid.hpp */ = {isa = PBXFileReference; fileEncoding = 4; lastKnownFileType = sourcecode.cpp.h; name = Grid.hpp; path = ../../Engine/Grid.hpp; sourceTree = "<group>"; };
		378DC1E21ACF6AB2004C8004 /* AABB.cpp */ = {isa = PBXFileReference; fileEncoding = 4; lastKnownFileType = sourcecode.cpp.cpp; name = AABB.cpp; path = ../../Engine/AABB.cpp; sourceTree = "<group>"; };
		378DC1E31ACF6AB2004C8004 /* AABB.hpp */ = {isa = PBXFileReference; fileEncoding = 4; lastKnownFileType = sourcecode.cpp.h; name = AABB.hpp; path = ../../Engine/AABB.hpp; sourceTree = "<group>"; };
		378DC1EB1ACF6AB2004C8004 /* EntityTemplate.cpp */ = {isa = PBXFileReference; fileEncoding = 4; lastKnownFileType = sourcecode.cpp.cpp; path = EntityTemplate.cpp; sourceTree = "<group>"; };
		378DC1EC1ACF6AB2004C8004 /* EntityTemplate.hpp */ = {isa = PBXFileReference; fileEncoding = 4; lastKnownFileType = sourcecode.cpp.h; path = EntityTemplate.hpp; sourceTree = "<group>"; };
		378DC1ED1ACF6AB2004C8004 /* EntityTemplateCollection.cpp */ = {isa = PBXFileReference; fileEncoding = 4; lastKnownFileType = sourcecode.cpp.cpp; path = EntityTemplateCollection.cpp; sourceTree = "<group>"; };
		378DC1EE1ACF6AB2004C8004 /* EntityTemplateCollection.hpp */ = {isa = PBXFileReference; fileEncoding = 4; lastKnownFileType = sourcecode.cpp.h; path = EntityTemplateCollection.hpp; sourceTree = "<group>"; };
		378DC1EF1ACF6AB2004C8004 /* EntityTemplateCollectionLoader.cpp */ = {isa = PBXFileReference; fileEncoding = 4; lastKnownFileType = sourcecode.cpp.cpp; path = EntityTemplateCollectionLoader.cpp; sourceTree = "<group>"; };
		378DC1F01ACF6AB2004C8004 /* EntityTemplateCollectionLoader.hpp */ = {isa = PBXFileReference; fileEncoding = 4; lastKnownFileType = sourcecode.cpp.h; path = EntityTemplateCollectionLoader.hpp; sourceTree = "<group>"; };
		378DC1F31ACF6AB2004C8004 /* ModelCollection.hpp */ = {isa = PBXFileReference; fileEncoding = 4; lastKnownFileType = sourcecode.cpp.h; name = ModelCollection.hpp; path = ../../Engine/ModelCollection.hpp; sourceTree = "<group>"; };
		378DC1F61ACF6AB2004C8004 /* ModelLibrary.hpp */ = {isa = PBXFileReference; fileEncoding = 4; lastKnownFileType = sourcecode.cpp.h; name = ModelLibrary.hpp; path = ../../Engine/ModelLibrary.hpp; sourceTree = "<group>"; };
		378DC1F71ACF6AB2004C8004 /* ModelTypes.hpp */ = {isa = PBXFileReference; fileEncoding = 4; lastKnownFileType = sourcecode.cpp.h; name = ModelTypes.hpp; path = ../../Engine/ModelTypes.hpp; sourceTree = "<group>"; };
		378DC1F91ACF6AB2004C8004 /* Sprite.cpp */ = {isa = PBXFileReference; fileEncoding = 4; lastKnownFileType = sourcecode.cpp.cpp; path = Sprite.cpp; sourceTree = "<group>"; };
		378DC1FA1ACF6AB2004C8004 /* Sprite.hpp */ = {isa = PBXFileReference; fileEncoding = 4; lastKnownFileType = sourcecode.cpp.h; path = Sprite.hpp; sourceTree = "<group>"; };
		378DC1FB1ACF6AB2004C8004 /* SpriteAnimation.cpp */ = {isa = PBXFileReference; fileEncoding = 4; lastKnownFileType = sourcecode.cpp.cpp; path = SpriteAnimation.cpp; sourceTree = "<group>"; };
		378DC1FC1ACF6AB2004C8004 /* SpriteAnimation.hpp */ = {isa = PBXFileReference; fileEncoding = 4; lastKnownFileType = sourcecode.cpp.h; path = SpriteAnimation.hpp; sourceTree = "<group>"; };
		378DC1FD1ACF6AB2004C8004 /* SpriteCollection.cpp */ = {isa = PBXFileReference; fileEncoding = 4; lastKnownFileType = sourcecode.cpp.cpp; path = SpriteCollection.cpp; sourceTree = "<group>"; };
		378DC1FE1ACF6AB2004C8004 /* SpriteCollection.hpp */ = {isa = PBXFileReference; fileEncoding = 4; lastKnownFileType = sourcecode.cpp.h; path = SpriteCollection.hpp; sourceTree = "<group>"; };
		378DC1FF1ACF6AB2004C8004 /* SpriteCollectionLoader.cpp */ = {isa = PBXFileReference; fileEncoding = 4; lastKnownFileType = sourcecode.cpp.cpp; path = SpriteCollectionLoader.cpp; sourceTree = "<group>"; };
		378DC2001ACF6AB2004C8004 /* SpriteCollectionLoader.hpp */ = {isa = PBXFileReference; fileEncoding = 4; lastKnownFileType = sourcecode.cpp.h; path = SpriteCollectionLoader.hpp; sourceTree = "<group>"; };
		378DC2011ACF6AB2004C8004 /* SpriteInstance.cpp */ = {isa = PBXFileReference; fileEncoding = 4; lastKnownFileType = sourcecode.cpp.cpp; path = SpriteInstance.cpp; sourceTree = "<group>"; };
		378DC2021ACF6AB2004C8004 /* SpriteInstance.hpp */ = {isa = PBXFileReference; fileEncoding = 4; lastKnownFileType = sourcecode.cpp.h; path = SpriteInstance.hpp; sourceTree = "<group>"; };
		378DC2041ACF6AB2004C8004 /* Tile.hpp */ = {isa = PBXFileReference; fileEncoding = 4; lastKnownFileType = sourcecode.cpp.h; path = Tile.hpp; sourceTree = "<group>"; };
		378DC2051ACF6AB2004C8004 /* TileCollection.hpp */ = {isa = PBXFileReference; fileEncoding = 4; lastKnownFileType = sourcecode.cpp.h; path = TileCollection.hpp; sourceTree = "<group>"; };
		378DC2061ACF6AB2004C8004 /* TileCollectionLoader.cpp */ = {isa = PBXFileReference; fileEncoding = 4; lastKnownFileType = sourcecode.cpp.cpp; path = TileCollectionLoader.cpp; sourceTree = "<group>"; };
		378DC2071ACF6AB2004C8004 /* TileCollectionLoader.hpp */ = {isa = PBXFileReference; fileEncoding = 4; lastKnownFileType = sourcecode.cpp.h; path = TileCollectionLoader.hpp; sourceTree = "<group>"; };
		378DC2081ACF6AB2004C8004 /* TileLibrary.hpp */ = {isa = PBXFileReference; fileEncoding = 4; lastKnownFileType = sourcecode.cpp.h; path = TileLibrary.hpp; sourceTree = "<group>"; };
		378DC2181ACF7112004C8004 /* GameTypes.cpp */ = {isa = PBXFileReference; fileEncoding = 4; lastKnownFileType = sourcecode.cpp.cpp; name = GameTypes.cpp; path = ../GameTypes.cpp; sourceTree = "<group>"; };
		378DC2191ACF7112004C8004 /* GameTypes.hpp */ = {isa = PBXFileReference; fileEncoding = 4; lastKnownFileType = sourcecode.cpp.h; name = GameTypes.hpp; path = ../GameTypes.hpp; sourceTree = "<group>"; };
		378DC2201ACF757D004C8004 /* OVMain.cpp */ = {isa = PBXFileReference; fileEncoding = 4; lastKnownFileType = sourcecode.cpp.cpp; name = OVMain.cpp; path = ../Client/OVMain.cpp; sourceTree = "<group>"; };
		37AAC1C619F42A3600C32899 /* libCKFramework.a */ = {isa = PBXFileReference; lastKnownFileType = archive.ar; name = libCKFramework.a; path = "../../../../../Library/Developer/Xcode/DerivedData/Prototype-busevatmdawlcjggxdwanwesvkef/Build/Products/Debug/libCKFramework.a"; sourceTree = "<group>"; };
		37F368FC1ACDFEE600314DB2 /* Carbon.framework */ = {isa = PBXFileReference; lastKnownFileType = wrapper.framework; name = Carbon.framework; path = Platforms/MacOSX.platform/Developer/SDKs/MacOSX10.9.sdk/System/Library/Frameworks/Carbon.framework; sourceTree = DEVELOPER_DIR; };
		37F368FE1ACDFEF300314DB2 /* Cocoa.framework */ = {isa = PBXFileReference; lastKnownFileType = wrapper.framework; name = Cocoa.framework; path = Platforms/MacOSX.platform/Developer/SDKs/MacOSX10.9.sdk/System/Library/Frameworks/Cocoa.framework; sourceTree = DEVELOPER_DIR; };
		37F369001ACDFEFA00314DB2 /* IOKit.framework */ = {isa = PBXFileReference; lastKnownFileType = wrapper.framework; name = IOKit.framework; path = Platforms/MacOSX.platform/Developer/SDKs/MacOSX10.9.sdk/System/Library/Frameworks/IOKit.framework; sourceTree = DEVELOPER_DIR; };
		37F369021ACDFF0A00314DB2 /* libiconv.dylib */ = {isa = PBXFileReference; lastKnownFileType = "compiled.mach-o.dylib"; name = libiconv.dylib; path = Platforms/MacOSX.platform/Developer/SDKs/MacOSX10.9.sdk/usr/lib/libiconv.dylib; sourceTree = DEVELOPER_DIR; };
		37F369041ACE00E100314DB2 /* Debug.hpp */ = {isa = PBXFileReference; fileEncoding = 4; lastKnownFileType = sourcecode.cpp.h; name = Debug.hpp; path = ../../Engine/Debug.hpp; sourceTree = "<group>"; };
		37F369051ACE00E100314DB2 /* Defines.hpp */ = {isa = PBXFileReference; fileEncoding = 4; lastKnownFileType = sourcecode.cpp.h; name = Defines.hpp; path = ../../Engine/Defines.hpp; sourceTree = "<group>"; };
		37F369071ACE00E100314DB2 /* Engine.hpp */ = {isa = PBXFileReference; fileEncoding = 4; lastKnownFileType = sourcecode.cpp.h; name = Engine.hpp; path = ../../Engine/Engine.hpp; sourceTree = "<group>"; };
		37F64A911780EA2C009116E7 /* Overview.app */ = {isa = PBXFileReference; explicitFileType = wrapper.application; includeInIndex = 0; path = Overview.app; sourceTree = BUILT_PRODUCTS_DIR; };
		37F64A9C1780EA2C009116E7 /* Overview-Info.plist */ = {isa = PBXFileReference; lastKnownFileType = text.plist.xml; path = "Overview-Info.plist"; sourceTree = "<group>"; };
		37F64A9E1780EA2C009116E7 /* en */ = {isa = PBXFileReference; lastKnownFileType = text.plist.strings; name = en; path = en.lproj/InfoPlist.strings; sourceTree = "<group>"; };
		37F64AA01780EA2C009116E7 /* main.m */ = {isa = PBXFileReference; lastKnownFileType = sourcecode.c.objc; name = main.m; path = Overview/main.m; sourceTree = "<group>"; };
		37F64AA41780EA2D009116E7 /* en */ = {isa = PBXFileReference; lastKnownFileType = text.rtf; name = en; path = en.lproj/Credits.rtf; sourceTree = "<group>"; };
		37F64ACD1780F295009116E7 /* Settings.xcconfig */ = {isa = PBXFileReference; lastKnownFileType = text.xcconfig; path = Settings.xcconfig; sourceTree = "<group>"; };
/* End PBXFileReference section */

/* Begin PBXFrameworksBuildPhase section */
		37F64A8E1780EA2C009116E7 /* Frameworks */ = {
			isa = PBXFrameworksBuildPhase;
			buildActionMask = 2147483647;
			files = (
				37F369011ACDFEFA00314DB2 /* IOKit.framework in Frameworks */,
				37F368FF1ACDFEF300314DB2 /* Cocoa.framework in Frameworks */,
				37F368FD1ACDFEE600314DB2 /* Carbon.framework in Frameworks */,
				37F369031ACDFF0A00314DB2 /* libiconv.dylib in Frameworks */,
				37AAC1CA19F42A3600C32899 /* libCKFramework.a in Frameworks */,
			);
			runOnlyForDeploymentPostprocessing = 0;
		};
/* End PBXFrameworksBuildPhase section */

/* Begin PBXGroup section */
		373ACBF41AD31B320082DB63 /* External */ = {
			isa = PBXGroup;
			children = (
				373ACBF61AD31B4E0082DB63 /* stb.cpp */,
				373ACBF51AD31B440082DB63 /* stb_image.h */,
			);
			name = External;
			sourceTree = "<group>";
		};
		378DC1E71ACF6AB2004C8004 /* Entity */ = {
			isa = PBXGroup;
			children = (
				378DC1EB1ACF6AB2004C8004 /* EntityTemplate.cpp */,
				378DC1EC1ACF6AB2004C8004 /* EntityTemplate.hpp */,
				378DC1ED1ACF6AB2004C8004 /* EntityTemplateCollection.cpp */,
				378DC1EE1ACF6AB2004C8004 /* EntityTemplateCollection.hpp */,
				378DC1EF1ACF6AB2004C8004 /* EntityTemplateCollectionLoader.cpp */,
				378DC1F01ACF6AB2004C8004 /* EntityTemplateCollectionLoader.hpp */,
			);
			name = Entity;
			path = ../../Engine/Entity;
			sourceTree = "<group>";
		};
		378DC1F81ACF6AB2004C8004 /* Sprite */ = {
			isa = PBXGroup;
			children = (
				378DC1F91ACF6AB2004C8004 /* Sprite.cpp */,
				378DC1FA1ACF6AB2004C8004 /* Sprite.hpp */,
				378DC1FB1ACF6AB2004C8004 /* SpriteAnimation.cpp */,
				378DC1FC1ACF6AB2004C8004 /* SpriteAnimation.hpp */,
				378DC1FD1ACF6AB2004C8004 /* SpriteCollection.cpp */,
				378DC1FE1ACF6AB2004C8004 /* SpriteCollection.hpp */,
				378DC1FF1ACF6AB2004C8004 /* SpriteCollectionLoader.cpp */,
				378DC2001ACF6AB2004C8004 /* SpriteCollectionLoader.hpp */,
				378DC2011ACF6AB2004C8004 /* SpriteInstance.cpp */,
				378DC2021ACF6AB2004C8004 /* SpriteInstance.hpp */,
			);
			name = Sprite;
			path = ../../Engine/Sprite;
			sourceTree = "<group>";
		};
		378DC2031ACF6AB2004C8004 /* Tile */ = {
			isa = PBXGroup;
			children = (
				378DC2041ACF6AB2004C8004 /* Tile.hpp */,
				378DC2051ACF6AB2004C8004 /* TileCollection.hpp */,
				378DC2061ACF6AB2004C8004 /* TileCollectionLoader.cpp */,
				378DC2071ACF6AB2004C8004 /* TileCollectionLoader.hpp */,
				378DC2081ACF6AB2004C8004 /* TileLibrary.hpp */,
			);
			name = Tile;
			path = ../../Engine/Tile;
			sourceTree = "<group>";
		};
		378DC21B1ACF7148004C8004 /* Client */ = {
			isa = PBXGroup;
			children = (
				378DC2201ACF757D004C8004 /* OVMain.cpp */,
			);
			name = Client;
			sourceTree = "<group>";
		};
		378DC21C1ACF735A004C8004 /* Apple */ = {
			isa = PBXGroup;
			children = (
				37F64AA01780EA2C009116E7 /* main.m */,
			);
			name = Apple;
			sourceTree = "<group>";
		};
		37B1FE661789F68F00C38E18 /* Prototype */ = {
			isa = PBXGroup;
			children = (
				378DC21C1ACF735A004C8004 /* Apple */,
				378DC21B1ACF7148004C8004 /* Client */,
				378DC2181ACF7112004C8004 /* GameTypes.cpp */,
				378DC2191ACF7112004C8004 /* GameTypes.hpp */,
				37B8F2F519F2DFCC00995B61 /* Sim */,
			);
			name = Prototype;
			path = ..;
			sourceTree = "<group>";
		};
		37B8F2F519F2DFCC00995B61 /* Sim */ = {
			isa = PBXGroup;
			children = (
			);
			name = Sim;
			path = ../Game;
			sourceTree = "<group>";
		};
		37F368FB1ACDFE8500314DB2 /* Engine */ = {
			isa = PBXGroup;
			children = (
				378DC1F81ACF6AB2004C8004 /* Sprite */,
				378DC2031ACF6AB2004C8004 /* Tile */,
				378DC1E71ACF6AB2004C8004 /* Entity */,
				378DC1E21ACF6AB2004C8004 /* AABB.cpp */,
				378DC1E31ACF6AB2004C8004 /* AABB.hpp */,
				378DC1F31ACF6AB2004C8004 /* ModelCollection.hpp */,
				378DC1F61ACF6AB2004C8004 /* ModelLibrary.hpp */,
				378DC1F71ACF6AB2004C8004 /* ModelTypes.hpp */,
				37F369041ACE00E100314DB2 /* Debug.hpp */,
				37F369051ACE00E100314DB2 /* Defines.hpp */,
				37F369071ACE00E100314DB2 /* Engine.hpp */,
				378DC1CA1ACF6346004C8004 /* Grid.hpp */,
			);
			name = Engine;
			path = ..;
			sourceTree = "<group>";
		};
		37F369A41ACE0E5E00314DB2 /* CKGfx */ = {
			isa = PBXGroup;
			children = (
				373ACBF41AD31B320082DB63 /* External */,
				373ACBE71AD0A2400082DB63 /* BitmapAtlas.cpp */,
				373ACBE81AD0A2400082DB63 /* BitmapAtlas.hpp */,
				373ACBE91AD0A2400082DB63 /* BitmapAtlasLoader.cpp */,
				373ACBEA1AD0A2400082DB63 /* BitmapAtlasLoader.hpp */,
				373ACBEB1AD0A2400082DB63 /* BitmapLibrary.cpp */,
				373ACBEC1AD0A2400082DB63 /* BitmapLibrary.hpp */,
				373ACBF01AD1B44B0082DB63 /* GfxTypes.hpp */,
				373ACBF11AD1E6960082DB63 /* TextureAtlas.cpp */,
				373ACBF21AD1E6960082DB63 /* TextureAtlas.hpp */,
			);
			name = CKGfx;
			path = ..;
			sourceTree = "<group>";
		};
		37F64A881780EA2C009116E7 = {
			isa = PBXGroup;
			children = (
				37F64ACD1780F295009116E7 /* Settings.xcconfig */,
				37F64A9A1780EA2C009116E7 /* Overview */,
				37F64ACC1780F041009116E7 /* Libraries */,
				37F64A931780EA2C009116E7 /* Frameworks */,
				37F64A921780EA2C009116E7 /* Products */,
			);
			sourceTree = "<group>";
		};
		37F64A921780EA2C009116E7 /* Products */ = {
			isa = PBXGroup;
			children = (
				37F64A911780EA2C009116E7 /* Overview.app */,
			);
			name = Products;
			sourceTree = "<group>";
		};
		37F64A931780EA2C009116E7 /* Frameworks */ = {
			isa = PBXGroup;
			children = (
				37F369001ACDFEFA00314DB2 /* IOKit.framework */,
				37F368FE1ACDFEF300314DB2 /* Cocoa.framework */,
				37F368FC1ACDFEE600314DB2 /* Carbon.framework */,
				37F64A961780EA2C009116E7 /* Other Frameworks */,
			);
			name = Frameworks;
			sourceTree = "<group>";
		};
		37F64A961780EA2C009116E7 /* Other Frameworks */ = {
			isa = PBXGroup;
			children = (
			);
			name = "Other Frameworks";
			sourceTree = "<group>";
		};
		37F64A9A1780EA2C009116E7 /* Overview */ = {
			isa = PBXGroup;
			children = (
				37B1FE661789F68F00C38E18 /* Prototype */,
				37F368FB1ACDFE8500314DB2 /* Engine */,
				37F369A41ACE0E5E00314DB2 /* CKGfx */,
				37F64A9B1780EA2C009116E7 /* Supporting Files */,
			);
			path = Overview;
			sourceTree = "<group>";
		};
		37F64A9B1780EA2C009116E7 /* Supporting Files */ = {
			isa = PBXGroup;
			children = (
				37F64A9C1780EA2C009116E7 /* Overview-Info.plist */,
				37F64A9D1780EA2C009116E7 /* InfoPlist.strings */,
				37F64AA31780EA2D009116E7 /* Credits.rtf */,
			);
			name = "Supporting Files";
			sourceTree = "<group>";
		};
		37F64ACC1780F041009116E7 /* Libraries */ = {
			isa = PBXGroup;
			children = (
				37AAC1C619F42A3600C32899 /* libCKFramework.a */,
				37F369021ACDFF0A00314DB2 /* libiconv.dylib */,
			);
			name = Libraries;
			sourceTree = "<group>";
		};
/* End PBXGroup section */

/* Begin PBXNativeTarget section */
		37F64A901780EA2C009116E7 /* Overview */ = {
			isa = PBXNativeTarget;
			buildConfigurationList = 37F64AAE1780EA2D009116E7 /* Build configuration list for PBXNativeTarget "Overview" */;
			buildPhases = (
				37F64A8D1780EA2C009116E7 /* Sources */,
				37F64A8E1780EA2C009116E7 /* Frameworks */,
				37F64A8F1780EA2C009116E7 /* Resources */,
				37CEF196179F9AD1007AB3A6 /* Copy Files */,
			);
			buildRules = (
				37AAC1C419F358FE00C32899 /* PBXBuildRule */,
			);
			dependencies = (
			);
			name = Overview;
			productName = Overview;
			productReference = 37F64A911780EA2C009116E7 /* Overview.app */;
			productType = "com.apple.product-type.application";
		};
/* End PBXNativeTarget section */

/* Begin PBXProject section */
		37F64A891780EA2C009116E7 /* Project object */ = {
			isa = PBXProject;
			attributes = {
				LastUpgradeCheck = 0500;
				ORGANIZATIONNAME = Cinekine;
			};
			buildConfigurationList = 37F64A8C1780EA2C009116E7 /* Build configuration list for PBXProject "Overview" */;
			compatibilityVersion = "Xcode 3.2";
			developmentRegion = English;
			hasScannedForEncodings = 0;
			knownRegions = (
				en,
			);
			mainGroup = 37F64A881780EA2C009116E7;
			productRefGroup = 37F64A921780EA2C009116E7 /* Products */;
			projectDirPath = "";
			projectRoot = "";
			targets = (
				37F64A901780EA2C009116E7 /* Overview */,
			);
		};
/* End PBXProject section */

/* Begin PBXResourcesBuildPhase section */
		37F64A8F1780EA2C009116E7 /* Resources */ = {
			isa = PBXResourcesBuildPhase;
			buildActionMask = 2147483647;
			files = (
				37F64A9F1780EA2C009116E7 /* InfoPlist.strings in Resources */,
				37F64AA51780EA2D009116E7 /* Credits.rtf in Resources */,
			);
			runOnlyForDeploymentPostprocessing = 0;
		};
/* End PBXResourcesBuildPhase section */

/* Begin PBXSourcesBuildPhase section */
		37F64A8D1780EA2C009116E7 /* Sources */ = {
			isa = PBXSourcesBuildPhase;
			buildActionMask = 2147483647;
			files = (
				378DC20C1ACF6AB2004C8004 /* EntityTemplate.cpp in Sources */,
				373ACBF31AD1E6960082DB63 /* TextureAtlas.cpp in Sources */,
				378DC2221ACF757D004C8004 /* OVMain.cpp in Sources */,
				373ACBED1AD0A2400082DB63 /* BitmapAtlas.cpp in Sources */,
				37F64AA11780EA2C009116E7 /* main.m in Sources */,
				378DC2131ACF6AB2004C8004 /* SpriteCollection.cpp in Sources */,
				378DC2151ACF6AB2004C8004 /* SpriteInstance.cpp in Sources */,
				378DC2161ACF6AB2004C8004 /* TileCollectionLoader.cpp in Sources */,
				373ACBEF1AD0A2400082DB63 /* BitmapLibrary.cpp in Sources */,
				373ACBF71AD31B4E0082DB63 /* stb.cpp in Sources */,
				378DC20E1ACF6AB2004C8004 /* EntityTemplateCollectionLoader.cpp in Sources */,
				378DC21A1ACF7112004C8004 /* GameTypes.cpp in Sources */,
				378DC20D1ACF6AB2004C8004 /* EntityTemplateCollection.cpp in Sources */,
				378DC2121ACF6AB2004C8004 /* SpriteAnimation.cpp in Sources */,
				378DC2111ACF6AB2004C8004 /* Sprite.cpp in Sources */,
				378DC2091ACF6AB2004C8004 /* AABB.cpp in Sources */,
				378DC2141ACF6AB2004C8004 /* SpriteCollectionLoader.cpp in Sources */,
				373ACBEE1AD0A2400082DB63 /* BitmapAtlasLoader.cpp in Sources */,
			);
			runOnlyForDeploymentPostprocessing = 0;
		};
/* End PBXSourcesBuildPhase section */

/* Begin PBXVariantGroup section */
		37F64A9D1780EA2C009116E7 /* InfoPlist.strings */ = {
			isa = PBXVariantGroup;
			children = (
				37F64A9E1780EA2C009116E7 /* en */,
			);
			name = InfoPlist.strings;
			sourceTree = "<group>";
		};
		37F64AA31780EA2D009116E7 /* Credits.rtf */ = {
			isa = PBXVariantGroup;
			children = (
				37F64AA41780EA2D009116E7 /* en */,
			);
			name = Credits.rtf;
			sourceTree = "<group>";
		};
/* End PBXVariantGroup section */

/* Begin XCBuildConfiguration section */
		37F64AAC1780EA2D009116E7 /* Debug */ = {
			isa = XCBuildConfiguration;
			baseConfigurationReference = 37F64ACD1780F295009116E7 /* Settings.xcconfig */;
			buildSettings = {
				ALWAYS_SEARCH_USER_PATHS = NO;
				ARCHS = "$(ARCHS_STANDARD_64_BIT)";
				CLANG_CXX_LANGUAGE_STANDARD = "c++0x";
				CLANG_CXX_LIBRARY = "libc++";
				CLANG_ENABLE_OBJC_ARC = NO;
				CLANG_WARN_CONSTANT_CONVERSION = YES;
				CLANG_WARN_EMPTY_BODY = YES;
				CLANG_WARN_ENUM_CONVERSION = YES;
				CLANG_WARN_INT_CONVERSION = YES;
				CLANG_WARN__DUPLICATE_METHOD_MATCH = YES;
				COPY_PHASE_STRIP = NO;
				FRAMEWORK_SEARCH_PATHS = /Library/Frameworks;
				GCC_C_LANGUAGE_STANDARD = c99;
				GCC_DYNAMIC_NO_PIC = NO;
				GCC_ENABLE_CPP_EXCEPTIONS = NO;
				GCC_ENABLE_CPP_RTTI = NO;
				GCC_ENABLE_OBJC_EXCEPTIONS = YES;
				GCC_OPTIMIZATION_LEVEL = 0;
				GCC_PREPROCESSOR_DEFINITIONS = (
					"DEBUG=1",
					"$(inherited)",
				);
				GCC_SYMBOLS_PRIVATE_EXTERN = NO;
				GCC_WARN_64_TO_32_BIT_CONVERSION = YES;
				GCC_WARN_ABOUT_RETURN_TYPE = YES;
				GCC_WARN_UNINITIALIZED_AUTOS = YES;
				GCC_WARN_UNUSED_VARIABLE = YES;
				HEADER_SEARCH_PATHS = (
					"$(PACKAGES_ROOT)",
					../..,
				);
				MACOSX_DEPLOYMENT_TARGET = 10.7;
				ONLY_ACTIVE_ARCH = YES;
				SDKROOT = macosx10.7;
				USER_HEADER_SEARCH_PATHS = "$(HOME)/Documents/Development/cinekine/include/SDL2";
			};
			name = Debug;
		};
		37F64AAD1780EA2D009116E7 /* Release */ = {
			isa = XCBuildConfiguration;
			baseConfigurationReference = 37F64ACD1780F295009116E7 /* Settings.xcconfig */;
			buildSettings = {
				ALWAYS_SEARCH_USER_PATHS = NO;
				ARCHS = "$(ARCHS_STANDARD_64_BIT)";
				CLANG_CXX_LANGUAGE_STANDARD = "c++0x";
				CLANG_CXX_LIBRARY = "libc++";
				CLANG_ENABLE_OBJC_ARC = NO;
				CLANG_WARN_CONSTANT_CONVERSION = YES;
				CLANG_WARN_EMPTY_BODY = YES;
				CLANG_WARN_ENUM_CONVERSION = YES;
				CLANG_WARN_INT_CONVERSION = YES;
				CLANG_WARN__DUPLICATE_METHOD_MATCH = YES;
				COPY_PHASE_STRIP = YES;
				DEBUG_INFORMATION_FORMAT = "dwarf-with-dsym";
				FRAMEWORK_SEARCH_PATHS = /Library/Frameworks;
				GCC_C_LANGUAGE_STANDARD = c99;
				GCC_ENABLE_CPP_EXCEPTIONS = NO;
				GCC_ENABLE_CPP_RTTI = NO;
				GCC_ENABLE_OBJC_EXCEPTIONS = YES;
				GCC_WARN_64_TO_32_BIT_CONVERSION = YES;
				GCC_WARN_ABOUT_RETURN_TYPE = YES;
				GCC_WARN_UNINITIALIZED_AUTOS = YES;
				GCC_WARN_UNUSED_VARIABLE = YES;
				HEADER_SEARCH_PATHS = (
					"$(PACKAGES_ROOT)",
					../..,
				);
				MACOSX_DEPLOYMENT_TARGET = 10.7;
				SDKROOT = macosx10.7;
				USER_HEADER_SEARCH_PATHS = "$(HOME)/Documents/Development/cinekine/include/SDL2";
			};
			name = Release;
		};
		37F64AAF1780EA2D009116E7 /* Debug */ = {
			isa = XCBuildConfiguration;
			buildSettings = {
				CLANG_CXX_LANGUAGE_STANDARD = "c++11";
				COMBINE_HIDPI_IMAGES = YES;
				FRAMEWORK_SEARCH_PATHS = "$(inherited)";
				GCC_PRECOMPILE_PREFIX_HEADER = YES;
				GCC_PREFIX_HEADER = "";
				GCC_PREPROCESSOR_DEFINITIONS = "";
				"GCC_PREPROCESSOR_DEFINITIONS[arch=*]" = (
					"CINEK_GLM_ENABLED=1",
					"DEBUG=1",
				);
				HEADER_SEARCH_PATHS = (
					..,
					../..,
					"$(PACKAGES_ROOT)/include",
				);
				INFOPLIST_FILE = "Overview/Overview-Info.plist";
				LIBRARY_SEARCH_PATHS = (
					"$(inherited)",
					"$(PACKAGES_ROOT)/lib",
					"$(USER_LIBRARY_DIR)/Developer/Xcode/DerivedData/Prototype-busevatmdawlcjggxdwanwesvkef/Build/Products/Debug",
				);
				MACOSX_DEPLOYMENT_TARGET = 10.9;
				OTHER_LDFLAGS = (
					"$(PACKAGES_ROOT)/lib/libSDL2.a",
					"$(PACKAGES_ROOT)/lib/libLinearMath.a",
					"$(PACKAGES_ROOT)/lib/libBulletCollision.a",
					"$(PACKAGES_ROOT)/lib/libbgfxDebug.a",
				);
				PRODUCT_NAME = "$(TARGET_NAME)";
				SDKROOT = macosx10.9;
				WRAPPER_EXTENSION = app;
			};
			name = Debug;
		};
		37F64AB01780EA2D009116E7 /* Release */ = {
			isa = XCBuildConfiguration;
			buildSettings = {
				CLANG_CXX_LANGUAGE_STANDARD = "c++11";
				COMBINE_HIDPI_IMAGES = YES;
				FRAMEWORK_SEARCH_PATHS = "$(inherited)";
				GCC_PRECOMPILE_PREFIX_HEADER = YES;
				GCC_PREFIX_HEADER = "";
				GCC_PREPROCESSOR_DEFINITIONS = "";
				"GCC_PREPROCESSOR_DEFINITIONS[arch=*]" = "CINEK_GLM_ENABLED=1";
				HEADER_SEARCH_PATHS = (
					..,
					../..,
					"$(PACKAGES_ROOT)/include",
				);
				INFOPLIST_FILE = "Overview/Overview-Info.plist";
				LIBRARY_SEARCH_PATHS = (
					"$(inherited)",
					"$(PACKAGES_ROOT)/lib",
					"$(USER_LIBRARY_DIR)/Developer/Xcode/DerivedData/Prototype-busevatmdawlcjggxdwanwesvkef/Build/Products/Debug",
				);
				MACOSX_DEPLOYMENT_TARGET = 10.9;
				OTHER_LDFLAGS = (
					"$(PACKAGES_ROOT)/lib/libSDL2.a",
					"$(PACKAGES_ROOT)/lib/libLinearMath.a",
					"$(PACKAGES_ROOT)/lib/libBulletCollision.a",
					"$(PACKAGES_ROOT)/lib/libbgfxRelease.a",
				);
				PRODUCT_NAME = "$(TARGET_NAME)";
				SDKROOT = macosx10.9;
				WRAPPER_EXTENSION = app;
			};
			name = Release;
		};
/* End XCBuildConfiguration section */

/* Begin XCConfigurationList section */
		37F64A8C1780EA2C009116E7 /* Build configuration list for PBXProject "Overview" */ = {
			isa = XCConfigurationList;
			buildConfigurations = (
				37F64AAC1780EA2D009116E7 /* Debug */,
				37F64AAD1780EA2D009116E7 /* Release */,
			);
			defaultConfigurationIsVisible = 0;
			defaultConfigurationName = Release;
		};
		37F64AAE1780EA2D009116E7 /* Build configuration list for PBXNativeTarget "Overview" */ = {
			isa = XCConfigurationList;
			buildConfigurations = (
				37F64AAF1780EA2D009116E7 /* Debug */,
				37F64AB01780EA2D009116E7 /* Release */,
			);
			defaultConfigurationIsVisible = 0;
			defaultConfigurationName = Release;
		};
/* End XCConfigurationList section */
	};
	rootObject = 37F64A891780EA2C009116E7 /* Project object */;
}
